{
  "lockfile_version": "1",
  "packages": {
    "atuin@latest": {
      "last_modified": "2024-03-22T07:26:23-04:00",
      "resolved": "github:NixOS/nixpkgs/a3ed7406349a9335cb4c2a71369b697cecd9d351#atuin",
      "source": "devbox-search",
      "version": "18.1.0",
      "systems": {
        "aarch64-darwin": {
          "outputs": [
            {
              "name": "out",
              "path": "/nix/store/079gsxb44h7hrq9s8ffjl0fk841f8143-atuin-18.1.0",
              "default": true
            }
          ],
          "store_path": "/nix/store/079gsxb44h7hrq9s8ffjl0fk841f8143-atuin-18.1.0"
        },
        "aarch64-linux": {
          "outputs": [
            {
              "name": "out",
              "path": "/nix/store/1cv4zcqdl4klsx1gg5aq5fjph43zx2yx-atuin-18.1.0",
              "default": true
            }
          ],
          "store_path": "/nix/store/1cv4zcqdl4klsx1gg5aq5fjph43zx2yx-atuin-18.1.0"
        },
        "x86_64-darwin": {
          "outputs": [
            {
              "name": "out",
              "path": "/nix/store/k11i7p9fi6004dhhvhwsb81s62dcx69k-atuin-18.1.0",
              "default": true
            }
          ],
          "store_path": "/nix/store/k11i7p9fi6004dhhvhwsb81s62dcx69k-atuin-18.1.0"
        },
        "x86_64-linux": {
          "outputs": [
            {
              "name": "out",
              "path": "/nix/store/9h79h0v9rv9mmjj5hwmyi4nq5309rllh-atuin-18.1.0",
              "default": true
            }
          ],
          "store_path": "/nix/store/9h79h0v9rv9mmjj5hwmyi4nq5309rllh-atuin-18.1.0"
        }
      }
    },
    "bash-preexec@latest": {
      "last_modified": "2024-03-22T07:26:23-04:00",
      "resolved": "github:NixOS/nixpkgs/a3ed7406349a9335cb4c2a71369b697cecd9d351#bash-preexec",
      "source": "devbox-search",
      "version": "0.5.0",
      "systems": {
        "aarch64-darwin": {
          "outputs": [
            {
              "name": "out",
              "path": "/nix/store/g0zcjvw9gf1mng4sgdwdajiab0dhhpwn-bash-preexec-0.5.0",
              "default": true
            }
          ],
          "store_path": "/nix/store/g0zcjvw9gf1mng4sgdwdajiab0dhhpwn-bash-preexec-0.5.0"
        },
        "aarch64-linux": {
          "outputs": [
            {
              "name": "out",
              "path": "/nix/store/s84c0b20r6m8p033nsr9f72ph991z5pb-bash-preexec-0.5.0",
              "default": true
            }
          ],
          "store_path": "/nix/store/s84c0b20r6m8p033nsr9f72ph991z5pb-bash-preexec-0.5.0"
        },
        "x86_64-darwin": {
          "outputs": [
            {
              "name": "out",
              "path": "/nix/store/6ldwpjczwiq4sw2zqysz5shsya86ka1l-bash-preexec-0.5.0",
              "default": true
            }
          ],
          "store_path": "/nix/store/6ldwpjczwiq4sw2zqysz5shsya86ka1l-bash-preexec-0.5.0"
        },
        "x86_64-linux": {
          "outputs": [
            {
              "name": "out",
              "path": "/nix/store/h9ffbxasxfm7ql0jl4v1xgwbj0d5f2lg-bash-preexec-0.5.0",
              "default": true
            }
          ],
          "store_path": "/nix/store/h9ffbxasxfm7ql0jl4v1xgwbj0d5f2lg-bash-preexec-0.5.0"
        }
      }
    },
    "bat@latest": {
      "last_modified": "2024-03-22T07:26:23-04:00",
      "resolved": "github:NixOS/nixpkgs/a3ed7406349a9335cb4c2a71369b697cecd9d351#bat",
      "source": "devbox-search",
      "version": "0.24.0",
      "systems": {
        "aarch64-darwin": {
          "outputs": [
            {
              "name": "out",
              "path": "/nix/store/b8991q41z441kfl4qp8x9nargqqqd4qy-bat-0.24.0",
              "default": true
            }
          ],
          "store_path": "/nix/store/b8991q41z441kfl4qp8x9nargqqqd4qy-bat-0.24.0"
        },
        "aarch64-linux": {
          "outputs": [
            {
              "name": "out",
              "path": "/nix/store/dw73xx42i3z5h6qkyqam3k522pq2xdjf-bat-0.24.0",
              "default": true
            }
          ],
          "store_path": "/nix/store/dw73xx42i3z5h6qkyqam3k522pq2xdjf-bat-0.24.0"
        },
        "x86_64-darwin": {
          "outputs": [
            {
              "name": "out",
              "path": "/nix/store/f95s1mm3dyg7632dmmqhrljmicmml8mj-bat-0.24.0",
              "default": true
            }
          ],
          "store_path": "/nix/store/f95s1mm3dyg7632dmmqhrljmicmml8mj-bat-0.24.0"
        },
        "x86_64-linux": {
          "outputs": [
            {
              "name": "out",
              "path": "/nix/store/0nw72cc05ksd5j2h09gdj9nh3hqgybrh-bat-0.24.0",
              "default": true
            }
          ],
          "store_path": "/nix/store/0nw72cc05ksd5j2h09gdj9nh3hqgybrh-bat-0.24.0"
        }
      }
    },
    "btop@latest": {
      "last_modified": "2024-03-22T07:26:23-04:00",
      "resolved": "github:NixOS/nixpkgs/a3ed7406349a9335cb4c2a71369b697cecd9d351#btop",
      "source": "devbox-search",
      "version": "1.3.2",
      "systems": {
        "aarch64-darwin": {
          "outputs": [
            {
              "name": "out",
              "path": "/nix/store/z9vq3i75mzjwi0s1d0p8hx6vgbgm1nyk-btop-1.3.2",
              "default": true
            }
          ],
          "store_path": "/nix/store/z9vq3i75mzjwi0s1d0p8hx6vgbgm1nyk-btop-1.3.2"
        },
        "aarch64-linux": {
          "outputs": [
            {
              "name": "out",
              "path": "/nix/store/k6d59x9ykrb75afziypfrhmai6ihcqf6-btop-1.3.2",
              "default": true
            }
          ],
          "store_path": "/nix/store/k6d59x9ykrb75afziypfrhmai6ihcqf6-btop-1.3.2"
        },
        "x86_64-darwin": {
          "outputs": [
            {
              "name": "out",
              "path": "/nix/store/bm2rfc3m2cd7wcvcs8x5zf83awdl4jcf-btop-1.3.2",
              "default": true
            }
          ],
          "store_path": "/nix/store/bm2rfc3m2cd7wcvcs8x5zf83awdl4jcf-btop-1.3.2"
        },
        "x86_64-linux": {
          "outputs": [
            {
              "name": "out",
              "path": "/nix/store/98rrxr5ws69cyb91vd203vkpfc2qcn34-btop-1.3.2",
              "default": true
            }
          ],
          "store_path": "/nix/store/98rrxr5ws69cyb91vd203vkpfc2qcn34-btop-1.3.2"
        }
      }
    },
    "cheat@latest": {
      "last_modified": "2024-03-22T07:26:23-04:00",
      "resolved": "github:NixOS/nixpkgs/a3ed7406349a9335cb4c2a71369b697cecd9d351#cheat",
      "source": "devbox-search",
      "version": "4.4.2",
      "systems": {
        "aarch64-darwin": {
          "outputs": [
            {
              "name": "out",
              "path": "/nix/store/4dl3xjlv7020wiyz8mzwj6cgyrk9nk1l-cheat-4.4.2",
              "default": true
            }
          ],
          "store_path": "/nix/store/4dl3xjlv7020wiyz8mzwj6cgyrk9nk1l-cheat-4.4.2"
        },
        "aarch64-linux": {
          "outputs": [
            {
              "name": "out",
              "path": "/nix/store/3qv8xvl30ii8026f52m7g8q52w3nw86c-cheat-4.4.2",
              "default": true
            }
          ],
          "store_path": "/nix/store/3qv8xvl30ii8026f52m7g8q52w3nw86c-cheat-4.4.2"
        },
        "x86_64-darwin": {
          "outputs": [
            {
              "name": "out",
              "path": "/nix/store/mzaa73p89632mrng2c5s1r0xynm8qqij-cheat-4.4.2",
              "default": true
            }
          ],
          "store_path": "/nix/store/mzaa73p89632mrng2c5s1r0xynm8qqij-cheat-4.4.2"
        },
        "x86_64-linux": {
          "outputs": [
            {
              "name": "out",
              "path": "/nix/store/2jbp9vxzqmdy0jyy3ymqqywsxrrj1bc3-cheat-4.4.2",
              "default": true
            }
          ],
          "store_path": "/nix/store/2jbp9vxzqmdy0jyy3ymqqywsxrrj1bc3-cheat-4.4.2"
        }
      }
    },
    "direnv@latest": {
      "last_modified": "2024-03-22T07:26:23-04:00",
      "resolved": "github:NixOS/nixpkgs/a3ed7406349a9335cb4c2a71369b697cecd9d351#direnv",
      "source": "devbox-search",
      "version": "2.34.0",
      "systems": {
        "aarch64-darwin": {
          "outputs": [
            {
              "name": "out",
              "path": "/nix/store/9dpl7mpcb9a67dz3557smvg8r673a7zw-direnv-2.34.0",
              "default": true
            }
          ],
          "store_path": "/nix/store/9dpl7mpcb9a67dz3557smvg8r673a7zw-direnv-2.34.0"
        },
        "aarch64-linux": {
          "outputs": [
            {
              "name": "out",
              "path": "/nix/store/lyhpg7dqampwyb9xcwz1v45lm8kq3zlz-direnv-2.34.0",
              "default": true
            }
          ],
          "store_path": "/nix/store/lyhpg7dqampwyb9xcwz1v45lm8kq3zlz-direnv-2.34.0"
        },
        "x86_64-darwin": {
          "outputs": [
            {
              "name": "out",
              "path": "/nix/store/yjln08p9k5y9ywxc18jljq8yzgsdgczs-direnv-2.34.0",
              "default": true
            }
          ],
          "store_path": "/nix/store/yjln08p9k5y9ywxc18jljq8yzgsdgczs-direnv-2.34.0"
        },
        "x86_64-linux": {
          "outputs": [
            {
              "name": "out",
              "path": "/nix/store/lhcz6v59vwcdavh73aixrnzq5ppli1w5-direnv-2.34.0",
              "default": true
            }
          ],
          "store_path": "/nix/store/lhcz6v59vwcdavh73aixrnzq5ppli1w5-direnv-2.34.0"
        }
      }
    },
    "eza@latest": {
      "last_modified": "2024-03-27T14:07:41-04:00",
      "resolved": "github:NixOS/nixpkgs/feb8fc72187e5beae47d81fc38541fae89e7eaf8#eza",
      "source": "devbox-search",
      "version": "0.18.9",
      "systems": {
        "aarch64-darwin": {
          "outputs": [
            {
              "name": "out",
              "path": "/nix/store/hambkfxy8n14x9fhxs6rk2v2pi77yh97-eza-0.18.9",
              "default": true
            },
            {
              "name": "man",
              "path": "/nix/store/ls77nvl1g8s4k20nhll1kskn5xxyccf8-eza-0.18.9-man",
              "default": true
            }
          ],
          "store_path": "/nix/store/hambkfxy8n14x9fhxs6rk2v2pi77yh97-eza-0.18.9"
        },
        "aarch64-linux": {
          "outputs": [
            {
              "name": "out",
              "path": "/nix/store/650zvffl8bc221n3ac2in8h0i6w5rw2p-eza-0.18.9",
              "default": true
            },
            {
              "name": "man",
              "path": "/nix/store/zlzglpndrd1m9amxz8a5mbc0ywhsw6fi-eza-0.18.9-man",
              "default": true
            }
          ],
          "store_path": "/nix/store/650zvffl8bc221n3ac2in8h0i6w5rw2p-eza-0.18.9"
        },
        "x86_64-darwin": {
          "outputs": [
            {
              "name": "out",
              "path": "/nix/store/jii7jwp42mlxm24fb6bivm00gha9sccs-eza-0.18.9",
              "default": true
            },
            {
              "name": "man",
              "path": "/nix/store/4sxb1j36a353v8vhn60m3n5d2wkry4jj-eza-0.18.9-man",
              "default": true
            }
          ],
          "store_path": "/nix/store/jii7jwp42mlxm24fb6bivm00gha9sccs-eza-0.18.9"
        },
        "x86_64-linux": {
          "outputs": [
            {
              "name": "out",
              "path": "/nix/store/q9yfx7f037fkbhljv4g3gzx01rcpacz5-eza-0.18.9",
              "default": true
            },
            {
              "name": "man",
              "path": "/nix/store/qsbrb506dk9999rw636db9fvsgqddpzd-eza-0.18.9-man",
              "default": true
            }
          ],
          "store_path": "/nix/store/q9yfx7f037fkbhljv4g3gzx01rcpacz5-eza-0.18.9"
        }
      }
    },
    "fzf@latest": {
      "last_modified": "2024-03-22T07:26:23-04:00",
      "resolved": "github:NixOS/nixpkgs/a3ed7406349a9335cb4c2a71369b697cecd9d351#fzf",
      "source": "devbox-search",
      "version": "0.47.0",
      "systems": {
        "aarch64-darwin": {
          "outputs": [
            {
              "name": "out",
              "path": "/nix/store/cn6nshsmqzrdbc4jki72m53k9qwaaivl-fzf-0.47.0",
              "default": true
            },
            {
              "name": "man",
              "path": "/nix/store/y5fjfar2bq69kldlgxdd5s6jnz59c6j6-fzf-0.47.0-man",
              "default": true
            }
          ],
          "store_path": "/nix/store/cn6nshsmqzrdbc4jki72m53k9qwaaivl-fzf-0.47.0"
        },
        "aarch64-linux": {
          "outputs": [
            {
              "name": "out",
              "path": "/nix/store/25y0sgjf24q1nlhksr34kz3f6g3sf4fy-fzf-0.47.0",
              "default": true
            },
            {
              "name": "man",
              "path": "/nix/store/ykx7qqb9hm3yw9alppa9p4rp7p454pz8-fzf-0.47.0-man",
              "default": true
            }
          ],
          "store_path": "/nix/store/25y0sgjf24q1nlhksr34kz3f6g3sf4fy-fzf-0.47.0"
        },
        "x86_64-darwin": {
          "outputs": [
            {
              "name": "out",
              "path": "/nix/store/j0kk5xnrzdffq32idj450i98c8qkyyfd-fzf-0.47.0",
              "default": true
            },
            {
              "name": "man",
              "path": "/nix/store/2wjmbkpdxznhi0v1qh3zx9blm8rxix7i-fzf-0.47.0-man",
              "default": true
            }
          ],
          "store_path": "/nix/store/j0kk5xnrzdffq32idj450i98c8qkyyfd-fzf-0.47.0"
        },
        "x86_64-linux": {
          "outputs": [
            {
              "name": "out",
              "path": "/nix/store/sif8a7y7p7r7wxpww2inxfrckni69c1a-fzf-0.47.0",
              "default": true
            },
            {
              "name": "man",
              "path": "/nix/store/gdfkzjik3a2pbz9y3zn2a8w8szaay67c-fzf-0.47.0-man",
              "default": true
            }
          ],
          "store_path": "/nix/store/sif8a7y7p7r7wxpww2inxfrckni69c1a-fzf-0.47.0"
        }
      }
    },
    "gh@latest": {
      "last_modified": "2024-03-22T07:26:23-04:00",
      "resolved": "github:NixOS/nixpkgs/a3ed7406349a9335cb4c2a71369b697cecd9d351#gh",
      "source": "devbox-search",
      "version": "2.46.0",
      "systems": {
        "aarch64-darwin": {
          "outputs": [
            {
              "name": "out",
              "path": "/nix/store/lxz3z6qdrkszz8v5xp77xa20cv8q7fdj-gh-2.46.0",
              "default": true
            }
          ],
          "store_path": "/nix/store/lxz3z6qdrkszz8v5xp77xa20cv8q7fdj-gh-2.46.0"
        },
        "aarch64-linux": {
          "outputs": [
            {
              "name": "out",
              "path": "/nix/store/71ckv4vlahg0h5xrc384n1rh9f92kn7k-gh-2.46.0",
              "default": true
            }
          ],
          "store_path": "/nix/store/71ckv4vlahg0h5xrc384n1rh9f92kn7k-gh-2.46.0"
        },
        "x86_64-darwin": {
          "outputs": [
            {
              "name": "out",
              "path": "/nix/store/jfhaync1xvyigrk0gg3x5i6wqnabpbwy-gh-2.46.0",
              "default": true
            }
          ],
          "store_path": "/nix/store/jfhaync1xvyigrk0gg3x5i6wqnabpbwy-gh-2.46.0"
        },
        "x86_64-linux": {
          "outputs": [
            {
              "name": "out",
              "path": "/nix/store/pbz07yhi7rfr677b4jy97zvajmkpxyk2-gh-2.46.0",
              "default": true
            }
          ],
          "store_path": "/nix/store/pbz07yhi7rfr677b4jy97zvajmkpxyk2-gh-2.46.0"
        }
      }
    },
    "git@2.44.0": {
      "last_modified": "2024-04-19T17:36:04-04:00",
      "resolved": "github:NixOS/nixpkgs/92d295f588631b0db2da509f381b4fb1e74173c5#git",
      "source": "devbox-search",
      "version": "2.44.0",
      "systems": {
        "aarch64-darwin": {
          "outputs": [
            {
              "name": "out",
              "path": "/nix/store/m0xxxwbvmfkpr2xl8xglp6pdcy2b32yr-git-2.44.0",
              "default": true
            },
            {
              "name": "doc",
              "path": "/nix/store/ixfyjbvrvcgjd6pvlmwd837n7gpacpsh-git-2.44.0-doc"
            }
          ],
          "store_path": "/nix/store/m0xxxwbvmfkpr2xl8xglp6pdcy2b32yr-git-2.44.0"
        },
        "aarch64-linux": {
          "outputs": [
            {
              "name": "out",
              "path": "/nix/store/53m8frqp4ibslq73c9rw25aim802cz6d-git-2.44.0",
              "default": true
            },
            {
              "name": "debug",
              "path": "/nix/store/wmzbmb8nx1w5i4r9sadfkm5wsnrc626n-git-2.44.0-debug"
            },
            {
              "name": "doc",
              "path": "/nix/store/n43ma18dqvddxslzzbcdg4z1ck0yjlrn-git-2.44.0-doc"
            }
          ],
          "store_path": "/nix/store/53m8frqp4ibslq73c9rw25aim802cz6d-git-2.44.0"
        },
        "x86_64-darwin": {
          "outputs": [
            {
              "name": "out",
              "path": "/nix/store/31aiia9d9zfmk53wsc2pkixipmhpb2s6-git-2.44.0",
              "default": true
            },
            {
              "name": "doc",
              "path": "/nix/store/r10zhb4fvl4mgkwk67nc30mp0z3qs384-git-2.44.0-doc"
            }
          ],
          "store_path": "/nix/store/31aiia9d9zfmk53wsc2pkixipmhpb2s6-git-2.44.0"
        },
        "x86_64-linux": {
          "outputs": [
            {
              "name": "out",
              "path": "/nix/store/apl2ibxqrxbbj6z79nfgv892999z1zyv-git-2.44.0",
              "default": true
            },
            {
              "name": "debug",
              "path": "/nix/store/8ibxf7vhwzn2iqzggksgj7wmfph6krr4-git-2.44.0-debug"
            },
            {
              "name": "doc",
              "path": "/nix/store/ylvh2h3hr0m5578rs6ms184923xvsd1j-git-2.44.0-doc"
            }
          ],
          "store_path": "/nix/store/apl2ibxqrxbbj6z79nfgv892999z1zyv-git-2.44.0"
        }
      }
    },
    "glab@latest": {
      "last_modified": "2024-03-22T07:26:23-04:00",
      "resolved": "github:NixOS/nixpkgs/a3ed7406349a9335cb4c2a71369b697cecd9d351#glab",
      "source": "devbox-search",
      "version": "1.37.0",
      "systems": {
        "aarch64-darwin": {
          "outputs": [
            {
              "name": "out",
              "path": "/nix/store/xc8r41h68ffl2dsyj7rz8rd3qh80gsx7-glab-1.37.0",
              "default": true
            }
          ],
          "store_path": "/nix/store/xc8r41h68ffl2dsyj7rz8rd3qh80gsx7-glab-1.37.0"
        },
        "aarch64-linux": {
          "outputs": [
            {
              "name": "out",
              "path": "/nix/store/fa2vjkbnnd1jpz8s6f6in8l818742pj7-glab-1.37.0",
              "default": true
            }
          ],
          "store_path": "/nix/store/fa2vjkbnnd1jpz8s6f6in8l818742pj7-glab-1.37.0"
        },
        "x86_64-darwin": {
          "outputs": [
            {
              "name": "out",
              "path": "/nix/store/4nqh58pcifcid9d19ywccdb8nx0v0nh7-glab-1.37.0",
              "default": true
            }
          ],
          "store_path": "/nix/store/4nqh58pcifcid9d19ywccdb8nx0v0nh7-glab-1.37.0"
        },
        "x86_64-linux": {
          "outputs": [
            {
              "name": "out",
              "path": "/nix/store/jqinz5ilcd0nnn7dm2alki5pl3k4d2zd-glab-1.37.0",
              "default": true
            }
          ],
          "store_path": "/nix/store/jqinz5ilcd0nnn7dm2alki5pl3k4d2zd-glab-1.37.0"
        }
      }
    },
    "htop@latest": {
      "last_modified": "2024-03-22T07:26:23-04:00",
      "resolved": "github:NixOS/nixpkgs/a3ed7406349a9335cb4c2a71369b697cecd9d351#htop",
      "source": "devbox-search",
      "version": "3.3.0",
      "systems": {
        "aarch64-darwin": {
          "outputs": [
            {
              "name": "out",
              "path": "/nix/store/y81dx0z98q5y8wwd2gq3kw412vgiqrqs-htop-3.3.0",
              "default": true
            }
          ],
          "store_path": "/nix/store/y81dx0z98q5y8wwd2gq3kw412vgiqrqs-htop-3.3.0"
        },
        "aarch64-linux": {
          "outputs": [
            {
              "name": "out",
              "path": "/nix/store/01gk0d94pfr0djzkq03h7jbq6q5pkx9s-htop-3.3.0",
              "default": true
            }
          ],
          "store_path": "/nix/store/01gk0d94pfr0djzkq03h7jbq6q5pkx9s-htop-3.3.0"
        },
        "x86_64-darwin": {
          "outputs": [
            {
              "name": "out",
              "path": "/nix/store/ybaci5x7syf7l2418i5rmg4avqskwv9b-htop-3.3.0",
              "default": true
            }
          ],
          "store_path": "/nix/store/ybaci5x7syf7l2418i5rmg4avqskwv9b-htop-3.3.0"
        },
        "x86_64-linux": {
          "outputs": [
            {
              "name": "out",
              "path": "/nix/store/rcvyrs9xq161njpz3zdwpc21a3hbl41x-htop-3.3.0",
              "default": true
            }
          ],
          "store_path": "/nix/store/rcvyrs9xq161njpz3zdwpc21a3hbl41x-htop-3.3.0"
        }
      }
    },
    "jless@latest": {
      "last_modified": "2024-03-22T07:26:23-04:00",
      "resolved": "github:NixOS/nixpkgs/a3ed7406349a9335cb4c2a71369b697cecd9d351#jless",
      "source": "devbox-search",
      "version": "0.9.0",
      "systems": {
        "aarch64-darwin": {
          "outputs": [
            {
              "name": "out",
              "path": "/nix/store/qw2bd4zbf9bkxq66cdzm9pm88d5fsd5x-jless-0.9.0",
              "default": true
            }
          ],
          "store_path": "/nix/store/qw2bd4zbf9bkxq66cdzm9pm88d5fsd5x-jless-0.9.0"
        },
        "aarch64-linux": {
          "outputs": [
            {
              "name": "out",
              "path": "/nix/store/2whib2rr9xa4ma5bk5snssrg48h5p7jz-jless-0.9.0",
              "default": true
            }
          ],
          "store_path": "/nix/store/2whib2rr9xa4ma5bk5snssrg48h5p7jz-jless-0.9.0"
        },
        "x86_64-darwin": {
          "outputs": [
            {
              "name": "out",
              "path": "/nix/store/7m9szr5c7bwd7sw94gxmnjyawmf9qnsg-jless-0.9.0",
              "default": true
            }
          ],
          "store_path": "/nix/store/7m9szr5c7bwd7sw94gxmnjyawmf9qnsg-jless-0.9.0"
        },
        "x86_64-linux": {
          "outputs": [
            {
              "name": "out",
              "path": "/nix/store/nq9kb4n1m2mn7j3h17yq9snfym0sfvp0-jless-0.9.0",
              "default": true
            }
          ],
          "store_path": "/nix/store/nq9kb4n1m2mn7j3h17yq9snfym0sfvp0-jless-0.9.0"
        }
      }
    },
    "jq@latest": {
      "last_modified": "2024-03-28T23:06:03-04:00",
      "resolved": "github:NixOS/nixpkgs/9b09bde6e3fc9493b6a8b2a5702ac87c66505c64#jq",
      "source": "devbox-search",
      "version": "1.7.1",
      "systems": {
        "aarch64-darwin": {
          "outputs": [
            {
              "name": "bin",
              "path": "/nix/store/59r06awlqdsw1fpvwcy2dg65l0g09vdp-jq-1.7.1-bin",
              "default": true
            },
            {
              "name": "man",
              "path": "/nix/store/glava1axlc7qkr875zikn3qncmrlmhvg-jq-1.7.1-man",
              "default": true
            },
            {
              "name": "out",
              "path": "/nix/store/y1dm44vipw95v8vihc57ia8zz5nnp94b-jq-1.7.1"
            },
            {
              "name": "dev",
              "path": "/nix/store/9zlf0mjahix97izdbr08ay50q4hg1l73-jq-1.7.1-dev"
            },
            {
              "name": "doc",
              "path": "/nix/store/wqwcldk42s8rn5b9h3pjc8836gl2qzng-jq-1.7.1-doc"
            },
            {
              "name": "lib",
              "path": "/nix/store/lsfivvi5k3kikzrbffcz18gcyi6fx2si-jq-1.7.1-lib"
            }
          ],
          "store_path": "/nix/store/59r06awlqdsw1fpvwcy2dg65l0g09vdp-jq-1.7.1-bin"
        },
        "aarch64-linux": {
          "outputs": [
            {
              "name": "bin",
              "path": "/nix/store/rajf5f3cf6qmr9jp2mwjikygl7hmfv4a-jq-1.7.1-bin",
              "default": true
            },
            {
              "name": "man",
              "path": "/nix/store/in1cd7zn58cwpb9czaa8wk0qhz1ssdk2-jq-1.7.1-man",
              "default": true
            },
            {
              "name": "dev",
              "path": "/nix/store/kjqca4symf704yi1zlgnhbj7njzhwwgd-jq-1.7.1-dev"
            },
            {
              "name": "doc",
              "path": "/nix/store/8ljizkqxmbmp78npap4as8vb7w5snkmk-jq-1.7.1-doc"
            },
            {
              "name": "lib",
              "path": "/nix/store/55mf8kxjcmrsip8ffpn75r3snm65gv0h-jq-1.7.1-lib"
            },
            {
              "name": "out",
              "path": "/nix/store/vwr1r5as7mh5za5rsrf8lcxpf8acvmsk-jq-1.7.1"
            }
          ],
          "store_path": "/nix/store/rajf5f3cf6qmr9jp2mwjikygl7hmfv4a-jq-1.7.1-bin"
        },
        "x86_64-darwin": {
          "outputs": [
            {
              "name": "bin",
              "path": "/nix/store/szlvc45yfk43b3dmn2ms01cw0yw5cih2-jq-1.7.1-bin",
              "default": true
            },
            {
              "name": "man",
              "path": "/nix/store/9h7zfkrqchgcchlw9yx6ngg1llw22da9-jq-1.7.1-man",
              "default": true
            },
            {
              "name": "out",
              "path": "/nix/store/vxssvrpyrm5ci3k030fsnqf01gkprz8x-jq-1.7.1"
            },
            {
              "name": "dev",
              "path": "/nix/store/5p38yscg4kqk5m08c2p5bni374r1qs5p-jq-1.7.1-dev"
            },
            {
              "name": "doc",
              "path": "/nix/store/gcc7ncsdppac15r45i376907f5320bna-jq-1.7.1-doc"
            },
            {
              "name": "lib",
              "path": "/nix/store/kqbix3pbjq5wjdhw3llbcjiv9kj1cvm2-jq-1.7.1-lib"
            }
          ],
          "store_path": "/nix/store/szlvc45yfk43b3dmn2ms01cw0yw5cih2-jq-1.7.1-bin"
        },
        "x86_64-linux": {
          "outputs": [
            {
              "name": "bin",
              "path": "/nix/store/1kql9l6sh9qwkfac720fl9a2d4lf78r3-jq-1.7.1-bin",
              "default": true
            },
            {
              "name": "man",
              "path": "/nix/store/dy82v8zpcrmkjhlxrq42jccjvnf8ljvr-jq-1.7.1-man",
              "default": true
            },
            {
              "name": "dev",
              "path": "/nix/store/8i4fdcf8g6c8wmav9kbyvrc6rbip55d6-jq-1.7.1-dev"
            },
            {
              "name": "doc",
              "path": "/nix/store/53fg9kn3ry6m71p1c7ghaci6zygisxfz-jq-1.7.1-doc"
            },
            {
              "name": "lib",
              "path": "/nix/store/qaggw36kdv2n7k6rivii9ylr8205yaqz-jq-1.7.1-lib"
            },
            {
              "name": "out",
              "path": "/nix/store/bgvg4yihsf8dgwk2g4mfi7k3gfsfxv4c-jq-1.7.1"
            }
          ],
          "store_path": "/nix/store/1kql9l6sh9qwkfac720fl9a2d4lf78r3-jq-1.7.1-bin"
        }
      }
    },
    "lazygit@latest": {
      "last_modified": "2024-03-23T18:08:43-04:00",
      "resolved": "github:NixOS/nixpkgs/e1d501922fd7351da4200e1275dfcf5faaad1220#lazygit",
      "source": "devbox-search",
      "version": "0.41.0",
      "systems": {
        "aarch64-darwin": {
          "outputs": [
            {
              "name": "out",
              "path": "/nix/store/sywcn4r5krmisyn0l05056nrzx0v1r57-lazygit-0.41.0",
              "default": true
            }
          ],
          "store_path": "/nix/store/sywcn4r5krmisyn0l05056nrzx0v1r57-lazygit-0.41.0"
        },
        "aarch64-linux": {
          "outputs": [
            {
              "name": "out",
              "path": "/nix/store/i8nnqbv740lks44gbclvyz08sgwk901l-lazygit-0.41.0",
              "default": true
            }
          ],
          "store_path": "/nix/store/i8nnqbv740lks44gbclvyz08sgwk901l-lazygit-0.41.0"
        },
        "x86_64-darwin": {
          "outputs": [
            {
              "name": "out",
              "path": "/nix/store/il77024bv9mxrig9z8f4hh088m6p8g34-lazygit-0.41.0",
              "default": true
            }
          ],
          "store_path": "/nix/store/il77024bv9mxrig9z8f4hh088m6p8g34-lazygit-0.41.0"
        },
        "x86_64-linux": {
          "outputs": [
            {
              "name": "out",
              "path": "/nix/store/0psgp7mrwa5y4mabnwg6h74faf5shb03-lazygit-0.41.0",
              "default": true
            }
          ],
          "store_path": "/nix/store/0psgp7mrwa5y4mabnwg6h74faf5shb03-lazygit-0.41.0"
        }
      }
    },
    "neofetch@latest": {
      "last_modified": "2024-03-22T07:26:23-04:00",
      "resolved": "github:NixOS/nixpkgs/a3ed7406349a9335cb4c2a71369b697cecd9d351#neofetch",
      "source": "devbox-search",
      "version": "2021-12-10",
      "systems": {
        "aarch64-darwin": {
          "outputs": [
            {
              "name": "out",
              "path": "/nix/store/0mx236gfv8gzdhn3rafrxrr8fpzw7597-neofetch-unstable-2021-12-10",
              "default": true
            },
            {
              "name": "man",
              "path": "/nix/store/qi1ajgrvvgjhswg6i1xyfdgfvzy89xpx-neofetch-unstable-2021-12-10-man",
              "default": true
            }
          ],
          "store_path": "/nix/store/0mx236gfv8gzdhn3rafrxrr8fpzw7597-neofetch-unstable-2021-12-10"
        },
        "aarch64-linux": {
          "outputs": [
            {
              "name": "out",
              "path": "/nix/store/ivv490154r3fiwy63gckc833nlvd43ni-neofetch-unstable-2021-12-10",
              "default": true
            },
            {
              "name": "man",
              "path": "/nix/store/1fb2f08j024bpv64va1jwdxdhx46myl9-neofetch-unstable-2021-12-10-man",
              "default": true
            }
          ],
          "store_path": "/nix/store/ivv490154r3fiwy63gckc833nlvd43ni-neofetch-unstable-2021-12-10"
        },
        "x86_64-darwin": {
          "outputs": [
            {
              "name": "out",
              "path": "/nix/store/vf7gdvahzf4bm0p1y7yj952g1nq91h4a-neofetch-unstable-2021-12-10",
              "default": true
            },
            {
              "name": "man",
              "path": "/nix/store/rglapdqd1j6zi1kw9b0is95lji3rw6bp-neofetch-unstable-2021-12-10-man",
              "default": true
            }
          ],
          "store_path": "/nix/store/vf7gdvahzf4bm0p1y7yj952g1nq91h4a-neofetch-unstable-2021-12-10"
        },
        "x86_64-linux": {
          "outputs": [
            {
              "name": "out",
              "path": "/nix/store/34sgn771ry6gmp4c165a9apdagml9knr-neofetch-unstable-2021-12-10",
              "default": true
            },
            {
              "name": "man",
              "path": "/nix/store/k1qn0frzvd0ah6yz428j2frxnbmxb3p8-neofetch-unstable-2021-12-10-man",
              "default": true
            }
          ],
          "store_path": "/nix/store/34sgn771ry6gmp4c165a9apdagml9knr-neofetch-unstable-2021-12-10"
        }
      }
    },
    "neovim@latest": {
      "last_modified": "2024-03-22T07:26:23-04:00",
      "resolved": "github:NixOS/nixpkgs/a3ed7406349a9335cb4c2a71369b697cecd9d351#neovim",
      "source": "devbox-search",
      "version": "0.9.5",
      "systems": {
        "aarch64-darwin": {
          "outputs": [
            {
              "name": "out",
              "path": "/nix/store/zhby1kzpcr6c89bq59cg7y4lsxb271mm-neovim-0.9.5",
              "default": true
            }
          ],
          "store_path": "/nix/store/zhby1kzpcr6c89bq59cg7y4lsxb271mm-neovim-0.9.5"
        },
        "aarch64-linux": {
          "outputs": [
            {
              "name": "out",
              "path": "/nix/store/sp8hjnn7abl94war932myhdandiizzn7-neovim-0.9.5",
              "default": true
            }
          ],
          "store_path": "/nix/store/sp8hjnn7abl94war932myhdandiizzn7-neovim-0.9.5"
        },
        "x86_64-darwin": {
          "outputs": [
            {
              "name": "out",
              "path": "/nix/store/jywihvch73b94p3d4nmp1jff02m712r7-neovim-0.9.5",
              "default": true
            }
          ],
          "store_path": "/nix/store/jywihvch73b94p3d4nmp1jff02m712r7-neovim-0.9.5"
        },
        "x86_64-linux": {
          "outputs": [
            {
              "name": "out",
              "path": "/nix/store/yiz4s56j80q3c22psybvnib2vmkrpgw3-neovim-0.9.5",
              "default": true
            }
          ],
          "store_path": "/nix/store/yiz4s56j80q3c22psybvnib2vmkrpgw3-neovim-0.9.5"
        }
      }
    },
    "nodejs@latest": {
      "last_modified": "2024-03-22T07:26:23-04:00",
      "plugin_version": "0.0.2",
      "resolved": "github:NixOS/nixpkgs/a3ed7406349a9335cb4c2a71369b697cecd9d351#nodejs_21",
      "source": "devbox-search",
      "version": "21.7.1",
      "systems": {
        "aarch64-darwin": {
          "outputs": [
            {
              "name": "out",
              "path": "/nix/store/x1d9im8iy3q74jx1ij2k3pjsfgvqihn1-nodejs-21.7.1",
              "default": true
            },
            {
              "name": "libv8",
              "path": "/nix/store/q6nyy20l3ixkc6j20sng8vfdjbx3fx3l-nodejs-21.7.1-libv8"
            }
          ],
          "store_path": "/nix/store/x1d9im8iy3q74jx1ij2k3pjsfgvqihn1-nodejs-21.7.1"
        },
        "aarch64-linux": {
          "outputs": [
            {
              "name": "out",
              "path": "/nix/store/b7cq5jvw90bl4ls3nssrj5xwh3d6vldf-nodejs-21.7.1",
              "default": true
            },
            {
              "name": "libv8",
              "path": "/nix/store/w6z9pd67lv405dv366zbfn7cyvf8r43z-nodejs-21.7.1-libv8"
            }
          ],
          "store_path": "/nix/store/b7cq5jvw90bl4ls3nssrj5xwh3d6vldf-nodejs-21.7.1"
        },
        "x86_64-darwin": {
          "outputs": [
            {
              "name": "out",
              "path": "/nix/store/klvzykcgrhlbpkgdaw5329w2l09wp4vd-nodejs-21.7.1",
              "default": true
            },
            {
              "name": "libv8",
              "path": "/nix/store/3nxs6fcwrbllix8zwdgpw52wg022h4mm-nodejs-21.7.1-libv8"
            }
          ],
          "store_path": "/nix/store/klvzykcgrhlbpkgdaw5329w2l09wp4vd-nodejs-21.7.1"
        },
        "x86_64-linux": {
          "outputs": [
            {
              "name": "out",
              "path": "/nix/store/7fd8ac3wm7gq8k5qd6l15hqx13bm4mr6-nodejs-21.7.1",
              "default": true
            },
            {
              "name": "libv8",
              "path": "/nix/store/pxmz45ki1zrp6lzfypcjyhgk6v9mpk55-nodejs-21.7.1-libv8"
            }
          ],
          "store_path": "/nix/store/7fd8ac3wm7gq8k5qd6l15hqx13bm4mr6-nodejs-21.7.1"
        }
      }
    },
    "ripgrep@latest": {
      "last_modified": "2024-03-22T07:26:23-04:00",
      "resolved": "github:NixOS/nixpkgs/a3ed7406349a9335cb4c2a71369b697cecd9d351#ripgrep",
      "source": "devbox-search",
      "version": "14.1.0",
      "systems": {
        "aarch64-darwin": {
          "outputs": [
            {
              "name": "out",
              "path": "/nix/store/hh71irshx8vij37yb1xncgyapad1i28d-ripgrep-14.1.0",
              "default": true
            }
          ],
          "store_path": "/nix/store/hh71irshx8vij37yb1xncgyapad1i28d-ripgrep-14.1.0"
        },
        "aarch64-linux": {
          "outputs": [
            {
              "name": "out",
              "path": "/nix/store/jrmnnjmbmshl6cpn3pap06q7z9qz1fbb-ripgrep-14.1.0",
              "default": true
            }
          ],
          "store_path": "/nix/store/jrmnnjmbmshl6cpn3pap06q7z9qz1fbb-ripgrep-14.1.0"
        },
        "x86_64-darwin": {
          "outputs": [
            {
              "name": "out",
              "path": "/nix/store/zrar96flx58j9n2ncs7fdxg70qn7b8pd-ripgrep-14.1.0",
              "default": true
            }
          ],
          "store_path": "/nix/store/zrar96flx58j9n2ncs7fdxg70qn7b8pd-ripgrep-14.1.0"
        },
        "x86_64-linux": {
          "outputs": [
            {
              "name": "out",
              "path": "/nix/store/63d409ifkiy1sqmcgiig4dh0pxr0r3zn-ripgrep-14.1.0",
              "default": true
            }
          ],
          "store_path": "/nix/store/63d409ifkiy1sqmcgiig4dh0pxr0r3zn-ripgrep-14.1.0"
        }
      }
    },
    "starship@latest": {
      "last_modified": "2024-04-01T22:53:36-04:00",
      "resolved": "github:NixOS/nixpkgs/080a4a27f206d07724b88da096e27ef63401a504#starship",
      "source": "devbox-search",
      "version": "1.18.2",
      "systems": {
        "aarch64-darwin": {
          "outputs": [
            {
              "name": "out",
              "path": "/nix/store/35v8kwcga3019v5kbxzyihvm1sd6hh7a-starship-1.18.2",
              "default": true
            }
          ],
          "store_path": "/nix/store/35v8kwcga3019v5kbxzyihvm1sd6hh7a-starship-1.18.2"
        },
        "aarch64-linux": {
          "outputs": [
            {
              "name": "out",
              "path": "/nix/store/l0hyp13rkhqlqnm60c4i2s0gr5qjjv0s-starship-1.18.2",
              "default": true
            }
          ],
          "store_path": "/nix/store/l0hyp13rkhqlqnm60c4i2s0gr5qjjv0s-starship-1.18.2"
        },
        "x86_64-darwin": {
          "outputs": [
            {
              "name": "out",
              "path": "/nix/store/5p0gz1bqb7svshcnxmm1nxwcz77ndbrs-starship-1.18.2",
              "default": true
            }
          ],
          "store_path": "/nix/store/5p0gz1bqb7svshcnxmm1nxwcz77ndbrs-starship-1.18.2"
        },
        "x86_64-linux": {
          "outputs": [
            {
              "name": "out",
              "path": "/nix/store/zninq8jxwv7j1skb7h41k91qg9awvh23-starship-1.18.2",
              "default": true
            }
          ],
          "store_path": "/nix/store/zninq8jxwv7j1skb7h41k91qg9awvh23-starship-1.18.2"
        }
      }
    },
    "stow@latest": {
      "last_modified": "2024-03-22T07:26:23-04:00",
      "resolved": "github:NixOS/nixpkgs/a3ed7406349a9335cb4c2a71369b697cecd9d351#stow",
      "source": "devbox-search",
      "version": "2.3.1",
      "systems": {
        "aarch64-darwin": {
          "outputs": [
            {
              "name": "out",
              "path": "/nix/store/9c3bfkl2pngmq9sqkn5kcpq2147ch365-stow-2.3.1",
              "default": true
            }
          ],
          "store_path": "/nix/store/9c3bfkl2pngmq9sqkn5kcpq2147ch365-stow-2.3.1"
        },
        "aarch64-linux": {
          "outputs": [
            {
              "name": "out",
              "path": "/nix/store/xjadl4g3am335jl8ykckvczqy02cnmgg-stow-2.3.1",
              "default": true
            }
          ],
          "store_path": "/nix/store/xjadl4g3am335jl8ykckvczqy02cnmgg-stow-2.3.1"
        },
        "x86_64-darwin": {
          "outputs": [
            {
              "name": "out",
              "path": "/nix/store/s77bc1zxjxlm7riqqc9bfy6cxq0hkq29-stow-2.3.1",
              "default": true
            }
          ],
          "store_path": "/nix/store/s77bc1zxjxlm7riqqc9bfy6cxq0hkq29-stow-2.3.1"
        },
        "x86_64-linux": {
          "outputs": [
            {
              "name": "out",
              "path": "/nix/store/l1mym4wdimdbvk6d5higxklzsk4mk989-stow-2.3.1",
              "default": true
            }
          ],
          "store_path": "/nix/store/l1mym4wdimdbvk6d5higxklzsk4mk989-stow-2.3.1"
        }
      }
    },
    "tree-sitter@latest": {
      "last_modified": "2024-03-22T07:26:23-04:00",
      "resolved": "github:NixOS/nixpkgs/a3ed7406349a9335cb4c2a71369b697cecd9d351#tree-sitter",
      "source": "devbox-search",
      "version": "0.20.9",
      "systems": {
        "aarch64-darwin": {
          "outputs": [
            {
              "name": "out",
              "path": "/nix/store/0dhay3qqq7qk1zhib8fnkz07y14spxbs-tree-sitter-0.20.9",
              "default": true
            }
          ],
          "store_path": "/nix/store/0dhay3qqq7qk1zhib8fnkz07y14spxbs-tree-sitter-0.20.9"
        },
        "aarch64-linux": {
          "outputs": [
            {
              "name": "out",
              "path": "/nix/store/dh68pkx8hy0c7q4zvfk51fs3bf68a4q7-tree-sitter-0.20.9",
              "default": true
            }
          ],
          "store_path": "/nix/store/dh68pkx8hy0c7q4zvfk51fs3bf68a4q7-tree-sitter-0.20.9"
        },
        "x86_64-darwin": {
          "outputs": [
            {
              "name": "out",
              "path": "/nix/store/0wldsv2sm2faiz0liizayf0kq6pvz12z-tree-sitter-0.20.9",
              "default": true
            }
          ],
          "store_path": "/nix/store/0wldsv2sm2faiz0liizayf0kq6pvz12z-tree-sitter-0.20.9"
        },
        "x86_64-linux": {
          "outputs": [
            {
              "name": "out",
              "path": "/nix/store/xf91y451hcjgqdnp094v8g6nc1dmh36p-tree-sitter-0.20.9",
              "default": true
            }
          ],
          "store_path": "/nix/store/xf91y451hcjgqdnp094v8g6nc1dmh36p-tree-sitter-0.20.9"
        }
      }
    },
    "yazi@latest": {
      "last_modified": "2024-03-22T07:26:23-04:00",
      "resolved": "github:NixOS/nixpkgs/a3ed7406349a9335cb4c2a71369b697cecd9d351#yazi",
      "source": "devbox-search",
      "version": "0.2.4",
      "systems": {
        "aarch64-darwin": {
          "outputs": [
            {
              "name": "out",
              "path": "/nix/store/m47nsfh8ll3587q6snyz6bglps9m96m9-yazi-0.2.4",
              "default": true
            }
          ],
          "store_path": "/nix/store/m47nsfh8ll3587q6snyz6bglps9m96m9-yazi-0.2.4"
        },
        "aarch64-linux": {
          "outputs": [
            {
              "name": "out",
              "path": "/nix/store/vhjaacxgvainxgi2m3jhl4jlrzqrdz3x-yazi-0.2.4",
              "default": true
            }
          ],
          "store_path": "/nix/store/vhjaacxgvainxgi2m3jhl4jlrzqrdz3x-yazi-0.2.4"
        },
        "x86_64-darwin": {
          "outputs": [
            {
              "name": "out",
              "path": "/nix/store/yacjs0jkvxfqyyx4kjdjglwadg12mwq2-yazi-0.2.4",
              "default": true
            }
          ],
          "store_path": "/nix/store/yacjs0jkvxfqyyx4kjdjglwadg12mwq2-yazi-0.2.4"
        },
        "x86_64-linux": {
          "outputs": [
            {
              "name": "out",
              "path": "/nix/store/sxnlbvxhj1m74rwksxfs1ri1basrknff-yazi-0.2.4",
              "default": true
            }
          ],
          "store_path": "/nix/store/sxnlbvxhj1m74rwksxfs1ri1basrknff-yazi-0.2.4"
        }
      }
    },
    "yq@latest": {
      "last_modified": "2024-03-22T07:26:23-04:00",
      "resolved": "github:NixOS/nixpkgs/a3ed7406349a9335cb4c2a71369b697cecd9d351#yq",
      "source": "devbox-search",
      "version": "3.2.3",
      "systems": {
        "aarch64-darwin": {
          "outputs": [
            {
              "name": "out",
              "path": "/nix/store/2fizwb7an49cvy2dn1njna1gkfc99faw-python3.11-yq-3.2.3",
              "default": true
            },
            {
              "name": "dist",
              "path": "/nix/store/vvhi2g9d91vjzri7mn9vazyy4751fr7a-python3.11-yq-3.2.3-dist"
            }
          ],
          "store_path": "/nix/store/2fizwb7an49cvy2dn1njna1gkfc99faw-python3.11-yq-3.2.3"
        },
        "aarch64-linux": {
          "outputs": [
            {
              "name": "out",
              "path": "/nix/store/gwwixswkxp5x2hslfr1x6ngmgpdinb39-python3.11-yq-3.2.3",
              "default": true
            },
            {
              "name": "dist",
              "path": "/nix/store/qqb76l85ma37j53z96nak61h7w9g62nj-python3.11-yq-3.2.3-dist"
            }
          ],
          "store_path": "/nix/store/gwwixswkxp5x2hslfr1x6ngmgpdinb39-python3.11-yq-3.2.3"
        },
        "x86_64-darwin": {
          "outputs": [
            {
              "name": "out",
              "path": "/nix/store/dxnvyxwgmlyliy9ydz26nzmj9jgmn9j4-python3.11-yq-3.2.3",
              "default": true
            },
            {
              "name": "dist",
              "path": "/nix/store/73x215zyrb7bd0qm9zv3h898ardj32pn-python3.11-yq-3.2.3-dist"
            }
          ],
          "store_path": "/nix/store/dxnvyxwgmlyliy9ydz26nzmj9jgmn9j4-python3.11-yq-3.2.3"
        },
        "x86_64-linux": {
          "outputs": [
            {
              "name": "out",
              "path": "/nix/store/1pn61n8ahmsizqw66480hx2l22vlmblg-python3.11-yq-3.2.3",
              "default": true
            },
            {
              "name": "dist",
              "path": "/nix/store/52rh1pybh4179swb7dlhw2acclhqixzh-python3.11-yq-3.2.3-dist"
            }
          ],
          "store_path": "/nix/store/1pn61n8ahmsizqw66480hx2l22vlmblg-python3.11-yq-3.2.3"
        }
      }
    },
    "zoxide@latest": {
      "last_modified": "2024-03-22T07:26:23-04:00",
      "resolved": "github:NixOS/nixpkgs/a3ed7406349a9335cb4c2a71369b697cecd9d351#zoxide",
      "source": "devbox-search",
      "version": "0.9.4",
      "systems": {
        "aarch64-darwin": {
          "outputs": [
            {
              "name": "out",
              "path": "/nix/store/m7dcv44mihvn2d1ji70f8mxm5z1wfw0w-zoxide-0.9.4",
              "default": true
            }
          ],
          "store_path": "/nix/store/m7dcv44mihvn2d1ji70f8mxm5z1wfw0w-zoxide-0.9.4"
        },
        "aarch64-linux": {
          "outputs": [
            {
              "name": "out",
              "path": "/nix/store/ja54vp3z3k3svdn7wdbzcd6b1f0s827q-zoxide-0.9.4",
              "default": true
            }
          ],
          "store_path": "/nix/store/ja54vp3z3k3svdn7wdbzcd6b1f0s827q-zoxide-0.9.4"
        },
        "x86_64-darwin": {
          "outputs": [
            {
              "name": "out",
              "path": "/nix/store/3ny1qgbkf1y18mh3v1s5naipnp0jbdjj-zoxide-0.9.4",
              "default": true
            }
          ],
          "store_path": "/nix/store/3ny1qgbkf1y18mh3v1s5naipnp0jbdjj-zoxide-0.9.4"
        },
        "x86_64-linux": {
          "outputs": [
            {
              "name": "out",
              "path": "/nix/store/7a9i8cwdglq3jdnj9na4vrg8ml1vj5j0-zoxide-0.9.4",
              "default": true
            }
          ],
          "store_path": "/nix/store/7a9i8cwdglq3jdnj9na4vrg8ml1vj5j0-zoxide-0.9.4"
        }
      }
    }
  }
}
