{
  "lockfile_version": "1",
  "packages": {
    "atuin@latest": {
      "last_modified": "2024-04-19T17:36:04-04:00",
      "resolved": "github:NixOS/nixpkgs/92d295f588631b0db2da509f381b4fb1e74173c5#atuin",
      "source": "devbox-search",
      "version": "18.2.0",
      "systems": {
        "aarch64-darwin": {
          "outputs": [
            {
              "name": "out",
              "path": "/nix/store/l5c6002cms6lqs5dhs2b152qf8vgcsl9-atuin-18.2.0",
              "default": true
            }
          ],
          "store_path": "/nix/store/l5c6002cms6lqs5dhs2b152qf8vgcsl9-atuin-18.2.0"
        },
        "aarch64-linux": {
          "outputs": [
            {
              "name": "out",
              "path": "/nix/store/8hg1kckl7mqy1lnv2izp9h2n69z8hmqw-atuin-18.2.0",
              "default": true
            }
          ],
          "store_path": "/nix/store/8hg1kckl7mqy1lnv2izp9h2n69z8hmqw-atuin-18.2.0"
        },
        "x86_64-darwin": {
          "outputs": [
            {
              "name": "out",
              "path": "/nix/store/3ma71245rk2ir52p8b631xcf81af6aj8-atuin-18.2.0",
              "default": true
            }
          ],
          "store_path": "/nix/store/3ma71245rk2ir52p8b631xcf81af6aj8-atuin-18.2.0"
        },
        "x86_64-linux": {
          "outputs": [
            {
              "name": "out",
              "path": "/nix/store/f851b3gi87y9jcr0fcb0w5c9qk0sn139-atuin-18.2.0",
              "default": true
            }
          ],
          "store_path": "/nix/store/f851b3gi87y9jcr0fcb0w5c9qk0sn139-atuin-18.2.0"
        }
      }
    },
    "bash-preexec@latest": {
      "last_modified": "2024-04-19T17:36:04-04:00",
      "resolved": "github:NixOS/nixpkgs/92d295f588631b0db2da509f381b4fb1e74173c5#bash-preexec",
      "source": "devbox-search",
      "version": "0.5.0",
      "systems": {
        "aarch64-darwin": {
          "outputs": [
            {
              "name": "out",
              "path": "/nix/store/wakxj5f14d1724jl8fgflk6bil7rcxv3-bash-preexec-0.5.0",
              "default": true
            }
          ],
          "store_path": "/nix/store/wakxj5f14d1724jl8fgflk6bil7rcxv3-bash-preexec-0.5.0"
        },
        "aarch64-linux": {
          "outputs": [
            {
              "name": "out",
              "path": "/nix/store/ni2mkfczdbxdy0scmvvh32kbd04990a8-bash-preexec-0.5.0",
              "default": true
            }
          ],
          "store_path": "/nix/store/ni2mkfczdbxdy0scmvvh32kbd04990a8-bash-preexec-0.5.0"
        },
        "x86_64-darwin": {
          "outputs": [
            {
              "name": "out",
              "path": "/nix/store/yjjl9qdxgw461nmrfsg1xn3jn6qkk4ql-bash-preexec-0.5.0",
              "default": true
            }
          ],
          "store_path": "/nix/store/yjjl9qdxgw461nmrfsg1xn3jn6qkk4ql-bash-preexec-0.5.0"
        },
        "x86_64-linux": {
          "outputs": [
            {
              "name": "out",
              "path": "/nix/store/vvskz6iak57zw76phg6lzrrn0jkdfl1m-bash-preexec-0.5.0",
              "default": true
            }
          ],
          "store_path": "/nix/store/vvskz6iak57zw76phg6lzrrn0jkdfl1m-bash-preexec-0.5.0"
        }
      }
    },
    "bat@latest": {
      "last_modified": "2024-04-19T17:36:04-04:00",
      "resolved": "github:NixOS/nixpkgs/92d295f588631b0db2da509f381b4fb1e74173c5#bat",
      "source": "devbox-search",
      "version": "0.24.0",
      "systems": {
        "aarch64-darwin": {
          "outputs": [
            {
              "name": "out",
              "path": "/nix/store/y5ivqqi6qsrl1cx43bzjx54lwzmn5nlq-bat-0.24.0",
              "default": true
            }
          ],
          "store_path": "/nix/store/y5ivqqi6qsrl1cx43bzjx54lwzmn5nlq-bat-0.24.0"
        },
        "aarch64-linux": {
          "outputs": [
            {
              "name": "out",
              "path": "/nix/store/6in98qzmj5hzgjvxwickh7wpaaamn8cc-bat-0.24.0",
              "default": true
            }
          ],
          "store_path": "/nix/store/6in98qzmj5hzgjvxwickh7wpaaamn8cc-bat-0.24.0"
        },
        "x86_64-darwin": {
          "outputs": [
            {
              "name": "out",
              "path": "/nix/store/y1lkjqzbdl7vsr2fpwgf95nngg4vaikb-bat-0.24.0",
              "default": true
            }
          ],
          "store_path": "/nix/store/y1lkjqzbdl7vsr2fpwgf95nngg4vaikb-bat-0.24.0"
        },
        "x86_64-linux": {
          "outputs": [
            {
              "name": "out",
              "path": "/nix/store/8iafkixj71qgpkiwp1alwsf3y10g50mi-bat-0.24.0",
              "default": true
            }
          ],
          "store_path": "/nix/store/8iafkixj71qgpkiwp1alwsf3y10g50mi-bat-0.24.0"
        }
      }
    },
    "btop@latest": {
      "last_modified": "2024-04-19T17:36:04-04:00",
      "resolved": "github:NixOS/nixpkgs/92d295f588631b0db2da509f381b4fb1e74173c5#btop",
      "source": "devbox-search",
      "version": "1.3.2",
      "systems": {
        "aarch64-darwin": {
          "outputs": [
            {
              "name": "out",
              "path": "/nix/store/n59pssaa203ncdbr1w3x4nhxvgdh5fri-btop-1.3.2",
              "default": true
            }
          ],
          "store_path": "/nix/store/n59pssaa203ncdbr1w3x4nhxvgdh5fri-btop-1.3.2"
        },
        "aarch64-linux": {
          "outputs": [
            {
              "name": "out",
              "path": "/nix/store/b57q18xvcv13kf1gnpy6ng8bg486lapi-btop-1.3.2",
              "default": true
            }
          ],
          "store_path": "/nix/store/b57q18xvcv13kf1gnpy6ng8bg486lapi-btop-1.3.2"
        },
        "x86_64-darwin": {
          "outputs": [
            {
              "name": "out",
              "path": "/nix/store/191q770gn2jzv00ffql4wha0l4fa1hd3-btop-1.3.2",
              "default": true
            }
          ],
          "store_path": "/nix/store/191q770gn2jzv00ffql4wha0l4fa1hd3-btop-1.3.2"
        },
        "x86_64-linux": {
          "outputs": [
            {
              "name": "out",
              "path": "/nix/store/afiyrw6javwvwg692j8vaij3ghnap0h3-btop-1.3.2",
              "default": true
            }
          ],
          "store_path": "/nix/store/afiyrw6javwvwg692j8vaij3ghnap0h3-btop-1.3.2"
        }
      }
    },
    "cheat@latest": {
      "last_modified": "2024-04-19T17:36:04-04:00",
      "resolved": "github:NixOS/nixpkgs/92d295f588631b0db2da509f381b4fb1e74173c5#cheat",
      "source": "devbox-search",
      "version": "4.4.2",
      "systems": {
        "aarch64-darwin": {
          "outputs": [
            {
              "name": "out",
              "path": "/nix/store/vf4z5cbzykwi30nmmwisqhk9i4p4pxi0-cheat-4.4.2",
              "default": true
            }
          ],
          "store_path": "/nix/store/vf4z5cbzykwi30nmmwisqhk9i4p4pxi0-cheat-4.4.2"
        },
        "aarch64-linux": {
          "outputs": [
            {
              "name": "out",
              "path": "/nix/store/f5a2psn6wi0dc44aqpkia7qld3jai4dr-cheat-4.4.2",
              "default": true
            }
          ],
          "store_path": "/nix/store/f5a2psn6wi0dc44aqpkia7qld3jai4dr-cheat-4.4.2"
        },
        "x86_64-darwin": {
          "outputs": [
            {
              "name": "out",
              "path": "/nix/store/1p4k5hq9bmbvxvnya83c277c9llzkhwl-cheat-4.4.2",
              "default": true
            }
          ],
          "store_path": "/nix/store/1p4k5hq9bmbvxvnya83c277c9llzkhwl-cheat-4.4.2"
        },
        "x86_64-linux": {
          "outputs": [
            {
              "name": "out",
              "path": "/nix/store/q88pzxz9kq3a16q3ihccrn9bplzjjh7s-cheat-4.4.2",
              "default": true
            }
          ],
          "store_path": "/nix/store/q88pzxz9kq3a16q3ihccrn9bplzjjh7s-cheat-4.4.2"
        }
      }
    },
    "direnv@latest": {
      "last_modified": "2024-04-19T17:36:04-04:00",
      "resolved": "github:NixOS/nixpkgs/92d295f588631b0db2da509f381b4fb1e74173c5#direnv",
      "source": "devbox-search",
      "version": "2.34.0",
      "systems": {
        "aarch64-darwin": {
          "outputs": [
            {
              "name": "out",
              "path": "/nix/store/hgm0fkra60afaw2bfm66y9r337xghh5b-direnv-2.34.0",
              "default": true
            }
          ],
          "store_path": "/nix/store/hgm0fkra60afaw2bfm66y9r337xghh5b-direnv-2.34.0"
        },
        "aarch64-linux": {
          "outputs": [
            {
              "name": "out",
              "path": "/nix/store/0cg80qfmzla5awni5bbv0xw2p7zkb5zq-direnv-2.34.0",
              "default": true
            }
          ],
          "store_path": "/nix/store/0cg80qfmzla5awni5bbv0xw2p7zkb5zq-direnv-2.34.0"
        },
        "x86_64-darwin": {
          "outputs": [
            {
              "name": "out",
              "path": "/nix/store/qagbka4vibpqi908p9520smj9vhisc0y-direnv-2.34.0",
              "default": true
            }
          ],
          "store_path": "/nix/store/qagbka4vibpqi908p9520smj9vhisc0y-direnv-2.34.0"
        },
        "x86_64-linux": {
          "outputs": [
            {
              "name": "out",
              "path": "/nix/store/vgsya11phi7cs65kn4nmv7hyhjavhn1p-direnv-2.34.0",
              "default": true
            }
          ],
          "store_path": "/nix/store/vgsya11phi7cs65kn4nmv7hyhjavhn1p-direnv-2.34.0"
        }
      }
    },
    "eza@latest": {
      "last_modified": "2024-04-28T01:04:40-04:00",
      "resolved": "github:NixOS/nixpkgs/9516f3c963708933abe984df94a925af38916237#eza",
      "source": "devbox-search",
      "version": "0.18.13",
      "systems": {
        "aarch64-darwin": {
          "outputs": [
            {
              "name": "out",
              "path": "/nix/store/pxk6cqhfhgsh4rqjmq8nas1s44nzjzwn-eza-0.18.13",
              "default": true
            },
            {
              "name": "man",
              "path": "/nix/store/4h050liy1rkwq2x0k2hjb77dh41wdyg5-eza-0.18.13-man",
              "default": true
            }
          ],
          "store_path": "/nix/store/pxk6cqhfhgsh4rqjmq8nas1s44nzjzwn-eza-0.18.13"
        },
        "aarch64-linux": {
          "outputs": [
            {
              "name": "out",
              "path": "/nix/store/1a9cszm10pcj6g2ba4dhlyshjq18ac8z-eza-0.18.13",
              "default": true
            },
            {
              "name": "man",
              "path": "/nix/store/q4lr9nq5nscwaw96zpng36d6i840zsgf-eza-0.18.13-man",
              "default": true
            }
          ],
          "store_path": "/nix/store/1a9cszm10pcj6g2ba4dhlyshjq18ac8z-eza-0.18.13"
        },
        "x86_64-darwin": {
          "outputs": [
            {
              "name": "out",
              "path": "/nix/store/1zywgp2v1b0xdg72h9spi470apg31r8m-eza-0.18.13",
              "default": true
            },
            {
              "name": "man",
              "path": "/nix/store/s6q716hyk9n4r21skhx5ih72rxcqf06r-eza-0.18.13-man",
              "default": true
            }
          ],
          "store_path": "/nix/store/1zywgp2v1b0xdg72h9spi470apg31r8m-eza-0.18.13"
        },
        "x86_64-linux": {
          "outputs": [
            {
              "name": "out",
              "path": "/nix/store/dxnhdrhiny5r2plwqbjrwanz7qp3lkvl-eza-0.18.13",
              "default": true
            },
            {
              "name": "man",
              "path": "/nix/store/1p75sidm05ski19zcy4hwz20yxy84mzl-eza-0.18.13-man",
              "default": true
            }
          ],
          "store_path": "/nix/store/dxnhdrhiny5r2plwqbjrwanz7qp3lkvl-eza-0.18.13"
        }
      }
    },
    "fzf@latest": {
      "last_modified": "2024-04-19T17:36:04-04:00",
      "resolved": "github:NixOS/nixpkgs/92d295f588631b0db2da509f381b4fb1e74173c5#fzf",
      "source": "devbox-search",
      "version": "0.50.0",
      "systems": {
        "aarch64-darwin": {
          "outputs": [
            {
              "name": "out",
              "path": "/nix/store/6lwq6y0i78pfz1ffx68vsdsq068viypr-fzf-0.50.0",
              "default": true
            },
            {
              "name": "man",
              "path": "/nix/store/x2pwhbbxb644sgy673smwbsvaf9s473i-fzf-0.50.0-man",
              "default": true
            }
          ],
          "store_path": "/nix/store/6lwq6y0i78pfz1ffx68vsdsq068viypr-fzf-0.50.0"
        },
        "aarch64-linux": {
          "outputs": [
            {
              "name": "out",
              "path": "/nix/store/912n7rdjmpila6k63sm4zmvsblsid813-fzf-0.50.0",
              "default": true
            },
            {
              "name": "man",
              "path": "/nix/store/9gk4z690zvwc0gxdbsjxv73zg5fmfn7a-fzf-0.50.0-man",
              "default": true
            }
          ],
          "store_path": "/nix/store/912n7rdjmpila6k63sm4zmvsblsid813-fzf-0.50.0"
        },
        "x86_64-darwin": {
          "outputs": [
            {
              "name": "out",
              "path": "/nix/store/cflqx35cqm5p43dli9za850ljd7n9gxj-fzf-0.50.0",
              "default": true
            },
            {
              "name": "man",
              "path": "/nix/store/rbw35kg2ha9dbdaxxqqskrzglj7g9qzg-fzf-0.50.0-man",
              "default": true
            }
          ],
          "store_path": "/nix/store/cflqx35cqm5p43dli9za850ljd7n9gxj-fzf-0.50.0"
        },
        "x86_64-linux": {
          "outputs": [
            {
              "name": "out",
              "path": "/nix/store/yxh6l05sf8fn4wgbxxgnxhx050dq5fp2-fzf-0.50.0",
              "default": true
            },
            {
              "name": "man",
              "path": "/nix/store/874804vlb24pbsi4i26as5n9z104y1m1-fzf-0.50.0-man",
              "default": true
            }
          ],
          "store_path": "/nix/store/yxh6l05sf8fn4wgbxxgnxhx050dq5fp2-fzf-0.50.0"
        }
      }
    },
    "gh@latest": {
      "last_modified": "2024-04-19T17:36:04-04:00",
      "resolved": "github:NixOS/nixpkgs/92d295f588631b0db2da509f381b4fb1e74173c5#gh",
      "source": "devbox-search",
      "version": "2.48.0",
      "systems": {
        "aarch64-darwin": {
          "outputs": [
            {
              "name": "out",
              "path": "/nix/store/al0w11wik8xvjv311f9hdcni6lcbd22g-gh-2.48.0",
              "default": true
            }
          ],
          "store_path": "/nix/store/al0w11wik8xvjv311f9hdcni6lcbd22g-gh-2.48.0"
        },
        "aarch64-linux": {
          "outputs": [
            {
              "name": "out",
              "path": "/nix/store/fa3pwqlw4izfip7kg4c1iv7gdhwjgsf7-gh-2.48.0",
              "default": true
            }
          ],
          "store_path": "/nix/store/fa3pwqlw4izfip7kg4c1iv7gdhwjgsf7-gh-2.48.0"
        },
        "x86_64-darwin": {
          "outputs": [
            {
              "name": "out",
              "path": "/nix/store/m9jcg3yp042alkymg4qy3k4skyfzxpgs-gh-2.48.0",
              "default": true
            }
          ],
          "store_path": "/nix/store/m9jcg3yp042alkymg4qy3k4skyfzxpgs-gh-2.48.0"
        },
        "x86_64-linux": {
          "outputs": [
            {
              "name": "out",
              "path": "/nix/store/yk2hqa1jnc9r26q93cs8m6gi4872s1ga-gh-2.48.0",
              "default": true
            }
          ],
          "store_path": "/nix/store/yk2hqa1jnc9r26q93cs8m6gi4872s1ga-gh-2.48.0"
        }
      }
    },
    "git@2.44.0": {
      "last_modified": "2024-04-19T17:36:04-04:00",
      "resolved": "github:NixOS/nixpkgs/92d295f588631b0db2da509f381b4fb1e74173c5#git",
      "source": "devbox-search",
      "version": "2.44.0",
      "systems": {
        "aarch64-darwin": {
          "outputs": [
            {
              "name": "out",
              "path": "/nix/store/m0xxxwbvmfkpr2xl8xglp6pdcy2b32yr-git-2.44.0",
              "default": true
            },
            {
              "name": "doc",
              "path": "/nix/store/ixfyjbvrvcgjd6pvlmwd837n7gpacpsh-git-2.44.0-doc"
            }
          ],
          "store_path": "/nix/store/m0xxxwbvmfkpr2xl8xglp6pdcy2b32yr-git-2.44.0"
        },
        "aarch64-linux": {
          "outputs": [
            {
              "name": "out",
              "path": "/nix/store/53m8frqp4ibslq73c9rw25aim802cz6d-git-2.44.0",
              "default": true
            },
            {
              "name": "debug",
              "path": "/nix/store/wmzbmb8nx1w5i4r9sadfkm5wsnrc626n-git-2.44.0-debug"
            },
            {
              "name": "doc",
              "path": "/nix/store/n43ma18dqvddxslzzbcdg4z1ck0yjlrn-git-2.44.0-doc"
            }
          ],
          "store_path": "/nix/store/53m8frqp4ibslq73c9rw25aim802cz6d-git-2.44.0"
        },
        "x86_64-darwin": {
          "outputs": [
            {
              "name": "out",
              "path": "/nix/store/31aiia9d9zfmk53wsc2pkixipmhpb2s6-git-2.44.0",
              "default": true
            },
            {
              "name": "doc",
              "path": "/nix/store/r10zhb4fvl4mgkwk67nc30mp0z3qs384-git-2.44.0-doc"
            }
          ],
          "store_path": "/nix/store/31aiia9d9zfmk53wsc2pkixipmhpb2s6-git-2.44.0"
        },
        "x86_64-linux": {
          "outputs": [
            {
              "name": "out",
              "path": "/nix/store/apl2ibxqrxbbj6z79nfgv892999z1zyv-git-2.44.0",
              "default": true
            },
            {
              "name": "debug",
              "path": "/nix/store/8ibxf7vhwzn2iqzggksgj7wmfph6krr4-git-2.44.0-debug"
            },
            {
              "name": "doc",
              "path": "/nix/store/ylvh2h3hr0m5578rs6ms184923xvsd1j-git-2.44.0-doc"
            }
          ],
          "store_path": "/nix/store/apl2ibxqrxbbj6z79nfgv892999z1zyv-git-2.44.0"
        }
      }
    },
    "glab@latest": {
      "last_modified": "2024-04-19T17:36:04-04:00",
      "resolved": "github:NixOS/nixpkgs/92d295f588631b0db2da509f381b4fb1e74173c5#glab",
      "source": "devbox-search",
      "version": "1.37.0",
      "systems": {
        "aarch64-darwin": {
          "outputs": [
            {
              "name": "out",
              "path": "/nix/store/cdf02vx86zfh1027y210jgz5yzzgj71g-glab-1.37.0",
              "default": true
            }
          ],
          "store_path": "/nix/store/cdf02vx86zfh1027y210jgz5yzzgj71g-glab-1.37.0"
        },
        "aarch64-linux": {
          "outputs": [
            {
              "name": "out",
              "path": "/nix/store/y0gw6g93i9hinhjwvfx9xd4jvs1wjn9a-glab-1.37.0",
              "default": true
            }
          ],
          "store_path": "/nix/store/y0gw6g93i9hinhjwvfx9xd4jvs1wjn9a-glab-1.37.0"
        },
        "x86_64-darwin": {
          "outputs": [
            {
              "name": "out",
              "path": "/nix/store/13a4npbn3syfv2dcdz5k27vh4riazaxf-glab-1.37.0",
              "default": true
            }
          ],
          "store_path": "/nix/store/13a4npbn3syfv2dcdz5k27vh4riazaxf-glab-1.37.0"
        },
        "x86_64-linux": {
          "outputs": [
            {
              "name": "out",
              "path": "/nix/store/65bn9lsdmngm20qqhmk1z9sy9rlm7l0k-glab-1.37.0",
              "default": true
            }
          ],
          "store_path": "/nix/store/65bn9lsdmngm20qqhmk1z9sy9rlm7l0k-glab-1.37.0"
        }
      }
    },
    "htop@latest": {
      "last_modified": "2024-04-19T17:36:04-04:00",
      "resolved": "github:NixOS/nixpkgs/92d295f588631b0db2da509f381b4fb1e74173c5#htop",
      "source": "devbox-search",
      "version": "3.3.0",
      "systems": {
        "aarch64-darwin": {
          "outputs": [
            {
              "name": "out",
              "path": "/nix/store/zp697kch12q1vinc8h8h9zfgz1j5xsm1-htop-3.3.0",
              "default": true
            }
          ],
          "store_path": "/nix/store/zp697kch12q1vinc8h8h9zfgz1j5xsm1-htop-3.3.0"
        },
        "aarch64-linux": {
          "outputs": [
            {
              "name": "out",
              "path": "/nix/store/005i6jz066d175bv9q5qkkz5wvglhila-htop-3.3.0",
              "default": true
            }
          ],
          "store_path": "/nix/store/005i6jz066d175bv9q5qkkz5wvglhila-htop-3.3.0"
        },
        "x86_64-darwin": {
          "outputs": [
            {
              "name": "out",
              "path": "/nix/store/mn6pkhdngv7mjb0ljyn4a9w5cg6h3gvb-htop-3.3.0",
              "default": true
            }
          ],
          "store_path": "/nix/store/mn6pkhdngv7mjb0ljyn4a9w5cg6h3gvb-htop-3.3.0"
        },
        "x86_64-linux": {
          "outputs": [
            {
              "name": "out",
              "path": "/nix/store/kzgs53ldwniiinwj8r07kcbl0cq64q1c-htop-3.3.0",
              "default": true
            }
          ],
          "store_path": "/nix/store/kzgs53ldwniiinwj8r07kcbl0cq64q1c-htop-3.3.0"
        }
      }
    },
    "jless@latest": {
      "last_modified": "2024-04-19T17:36:04-04:00",
      "resolved": "github:NixOS/nixpkgs/92d295f588631b0db2da509f381b4fb1e74173c5#jless",
      "source": "devbox-search",
      "version": "0.9.0",
      "systems": {
        "aarch64-darwin": {
          "outputs": [
            {
              "name": "out",
              "path": "/nix/store/nrwq4i0cv6bsbnwv4skwpqq473l456q4-jless-0.9.0",
              "default": true
            }
          ],
          "store_path": "/nix/store/nrwq4i0cv6bsbnwv4skwpqq473l456q4-jless-0.9.0"
        },
        "aarch64-linux": {
          "outputs": [
            {
              "name": "out",
              "path": "/nix/store/6p8dizgqdzy4q8cnw59w4y50n06058cg-jless-0.9.0",
              "default": true
            }
          ],
          "store_path": "/nix/store/6p8dizgqdzy4q8cnw59w4y50n06058cg-jless-0.9.0"
        },
        "x86_64-darwin": {
          "outputs": [
            {
              "name": "out",
              "path": "/nix/store/3ifm90x0fipwrvszrgpkvvd8kg0way39-jless-0.9.0",
              "default": true
            }
          ],
          "store_path": "/nix/store/3ifm90x0fipwrvszrgpkvvd8kg0way39-jless-0.9.0"
        },
        "x86_64-linux": {
          "outputs": [
            {
              "name": "out",
              "path": "/nix/store/ifcs4sq6r9ffmk3w1sfi7r8mnhl7x2a1-jless-0.9.0",
              "default": true
            }
          ],
          "store_path": "/nix/store/ifcs4sq6r9ffmk3w1sfi7r8mnhl7x2a1-jless-0.9.0"
        }
      }
    },
    "jq@latest": {
      "last_modified": "2024-04-28T10:22:29-04:00",
      "resolved": "github:NixOS/nixpkgs/cf8cc1201be8bc71b7cbbbdaf349b22f4f99c7ae#jq",
      "source": "devbox-search",
      "version": "1.7.1",
      "systems": {
        "aarch64-darwin": {
          "outputs": [
            {
              "name": "bin",
              "path": "/nix/store/cpd390lw7hzsbvsq02d3prxjyj987ykg-jq-1.7.1-bin",
              "default": true
            },
            {
              "name": "man",
              "path": "/nix/store/nm26pqk8f9cfdk42x0fzdhccfhijcycd-jq-1.7.1-man",
              "default": true
            },
            {
              "name": "lib",
              "path": "/nix/store/05mw0b8ririsykj8fpc1dy9lgnnlp77i-jq-1.7.1-lib"
            },
            {
              "name": "out",
              "path": "/nix/store/2il8xa2rsv55i0a86ivm59pndqfardhc-jq-1.7.1"
            },
            {
              "name": "dev",
              "path": "/nix/store/j1rai51ycjm9y5bayrfii1y0rqldbxxv-jq-1.7.1-dev"
            },
            {
              "name": "doc",
              "path": "/nix/store/a1sscyljd5lx674lh8ab7wjlb0d03x86-jq-1.7.1-doc"
            }
          ],
          "store_path": "/nix/store/cpd390lw7hzsbvsq02d3prxjyj987ykg-jq-1.7.1-bin"
        },
        "aarch64-linux": {
          "outputs": [
            {
              "name": "bin",
              "path": "/nix/store/www2wsy5azig3si2mcvcbig36npvz8p0-jq-1.7.1-bin",
              "default": true
            },
            {
              "name": "man",
              "path": "/nix/store/f8kd7zxmlciy87xrf1j36q2rymld3a22-jq-1.7.1-man",
              "default": true
            },
            {
              "name": "dev",
              "path": "/nix/store/b8ji00dhcknd1p9afa80ydral59z6dzp-jq-1.7.1-dev"
            },
            {
              "name": "doc",
              "path": "/nix/store/xmam34cnczr17warmz692jd3dyip25aq-jq-1.7.1-doc"
            },
            {
              "name": "lib",
              "path": "/nix/store/88miljr5qkqdzlhm7ib26fws4hkz04s8-jq-1.7.1-lib"
            },
            {
              "name": "out",
              "path": "/nix/store/dkpfzwwl049kk1dwnyjacabjvszjknww-jq-1.7.1"
            }
          ],
          "store_path": "/nix/store/www2wsy5azig3si2mcvcbig36npvz8p0-jq-1.7.1-bin"
        },
        "x86_64-darwin": {
          "outputs": [
            {
              "name": "bin",
              "path": "/nix/store/7v052gsm0fs3n9bcr9hdffspq8fnq872-jq-1.7.1-bin",
              "default": true
            },
            {
              "name": "man",
              "path": "/nix/store/dfsyxb7dqxwp3n1bnrzrvbz6lkmz8wyl-jq-1.7.1-man",
              "default": true
            },
            {
              "name": "out",
              "path": "/nix/store/fni2q2wmlr64d70j0dw97zhhzmay1nm3-jq-1.7.1"
            },
            {
              "name": "dev",
              "path": "/nix/store/p0q6vmks1ql07g9hv1p63mkvbs7331xq-jq-1.7.1-dev"
            },
            {
              "name": "doc",
              "path": "/nix/store/3mj72b0gx9kz2y04pcbnfvv6sk8y4jbi-jq-1.7.1-doc"
            },
            {
              "name": "lib",
              "path": "/nix/store/j5qzf4k1c747ci0fp2wdp9xa1czkb5s5-jq-1.7.1-lib"
            }
          ],
          "store_path": "/nix/store/7v052gsm0fs3n9bcr9hdffspq8fnq872-jq-1.7.1-bin"
        },
        "x86_64-linux": {
          "outputs": [
            {
              "name": "bin",
              "path": "/nix/store/sxmad6bc8j8qgqvcc7278fjsrgm89qkc-jq-1.7.1-bin",
              "default": true
            },
            {
              "name": "man",
              "path": "/nix/store/4d9grvh3ssqdqqzycbiyh535ikbs7rg7-jq-1.7.1-man",
              "default": true
            },
            {
              "name": "dev",
              "path": "/nix/store/82ma9xbiyybcqxmcqxd625hmv4nig19r-jq-1.7.1-dev"
            },
            {
              "name": "doc",
              "path": "/nix/store/q55rnn9jh9h3r6imb07w53dyk8d9sd1l-jq-1.7.1-doc"
            },
            {
              "name": "lib",
              "path": "/nix/store/rg32apprx9b1bidimbpypjcb3j4zp0vy-jq-1.7.1-lib"
            },
            {
              "name": "out",
              "path": "/nix/store/4isj4w52vpavwfd8yj9r78dmyg4zy48y-jq-1.7.1"
            }
          ],
          "store_path": "/nix/store/sxmad6bc8j8qgqvcc7278fjsrgm89qkc-jq-1.7.1-bin"
        }
      }
    },
    "lazygit@latest": {
      "last_modified": "2024-04-19T17:36:04-04:00",
      "resolved": "github:NixOS/nixpkgs/92d295f588631b0db2da509f381b4fb1e74173c5#lazygit",
      "source": "devbox-search",
      "version": "0.41.0",
      "systems": {
        "aarch64-darwin": {
          "outputs": [
            {
              "name": "out",
              "path": "/nix/store/nx27dkml4axp5824b2f1m19pgz6zsmx1-lazygit-0.41.0",
              "default": true
            }
          ],
          "store_path": "/nix/store/nx27dkml4axp5824b2f1m19pgz6zsmx1-lazygit-0.41.0"
        },
        "aarch64-linux": {
          "outputs": [
            {
              "name": "out",
              "path": "/nix/store/n2ahpxrwlz9lxd2fza811jc68sny1lpx-lazygit-0.41.0",
              "default": true
            }
          ],
          "store_path": "/nix/store/n2ahpxrwlz9lxd2fza811jc68sny1lpx-lazygit-0.41.0"
        },
        "x86_64-darwin": {
          "outputs": [
            {
              "name": "out",
              "path": "/nix/store/bz7zj7nlqb0ahq56xp0wrlybp4rw4a1f-lazygit-0.41.0",
              "default": true
            }
          ],
          "store_path": "/nix/store/bz7zj7nlqb0ahq56xp0wrlybp4rw4a1f-lazygit-0.41.0"
        },
        "x86_64-linux": {
          "outputs": [
            {
              "name": "out",
              "path": "/nix/store/i02hffc2ba1z10xpa6cb7rwflgpbbqkq-lazygit-0.41.0",
              "default": true
            }
          ],
          "store_path": "/nix/store/i02hffc2ba1z10xpa6cb7rwflgpbbqkq-lazygit-0.41.0"
        }
      }
    },
    "neofetch@latest": {
      "last_modified": "2024-04-21T11:44:28-04:00",
      "resolved": "github:NixOS/nixpkgs/69ee1d82f1fa4c70a3dc9a64111e7eef3b8e4527#neofetch",
      "source": "devbox-search",
      "version": "2021-12-10",
      "systems": {
        "aarch64-darwin": {
          "outputs": [
            {
              "name": "out",
              "path": "/nix/store/2z40lfvnldpfirl6jpnxraxfzpx4lmny-neofetch-unstable-2021-12-10",
              "default": true
            },
            {
              "name": "man",
              "path": "/nix/store/gc98y7fdc2nzklc32ph1ywa7nlabyvri-neofetch-unstable-2021-12-10-man",
              "default": true
            }
          ],
          "store_path": "/nix/store/2z40lfvnldpfirl6jpnxraxfzpx4lmny-neofetch-unstable-2021-12-10"
        },
        "aarch64-linux": {
          "outputs": [
            {
              "name": "out",
              "path": "/nix/store/vibsijcw1hcc8f3m0yp2ybvx5gsb7i3s-neofetch-unstable-2021-12-10",
              "default": true
            },
            {
              "name": "man",
              "path": "/nix/store/jh1jg90ms6ng0w8mydmbbw558fplfhbv-neofetch-unstable-2021-12-10-man",
              "default": true
            }
          ],
          "store_path": "/nix/store/vibsijcw1hcc8f3m0yp2ybvx5gsb7i3s-neofetch-unstable-2021-12-10"
        },
        "x86_64-darwin": {
          "outputs": [
            {
              "name": "out",
              "path": "/nix/store/497j2p9xrlx03zv5wfbfmzk7sjdrsnph-neofetch-unstable-2021-12-10",
              "default": true
            },
            {
              "name": "man",
              "path": "/nix/store/iz948wkb9xq549idkrbx0rva9m11ira2-neofetch-unstable-2021-12-10-man",
              "default": true
            }
          ],
          "store_path": "/nix/store/497j2p9xrlx03zv5wfbfmzk7sjdrsnph-neofetch-unstable-2021-12-10"
        },
        "x86_64-linux": {
          "outputs": [
            {
              "name": "out",
              "path": "/nix/store/lj3jjw9lcxyxhnsc81dw7vpc695f1g0i-neofetch-unstable-2021-12-10",
              "default": true
            },
            {
              "name": "man",
              "path": "/nix/store/asd7cdglsv100p8h1h58jgr1wa702ps7-neofetch-unstable-2021-12-10-man",
              "default": true
            }
          ],
          "store_path": "/nix/store/lj3jjw9lcxyxhnsc81dw7vpc695f1g0i-neofetch-unstable-2021-12-10"
        }
      }
    },
    "neovim@latest": {
      "last_modified": "2024-04-24T10:24:25-04:00",
      "resolved": "github:NixOS/nixpkgs/a0cadba85e907b8e2d6ae549d25535da3b1b6d5e#neovim",
      "source": "devbox-search",
      "version": "0.9.5",
      "systems": {
        "aarch64-darwin": {
          "outputs": [
            {
              "name": "out",
              "path": "/nix/store/qwsk3jfgs45jyl8b4c58gj0pmzw90vsd-neovim-0.9.5",
              "default": true
            }
          ],
          "store_path": "/nix/store/qwsk3jfgs45jyl8b4c58gj0pmzw90vsd-neovim-0.9.5"
        },
        "aarch64-linux": {
          "outputs": [
            {
              "name": "out",
              "path": "/nix/store/5m0vhlidd3nhhzjchj9fa7zczj1vpbk3-neovim-0.9.5",
              "default": true
            }
          ],
          "store_path": "/nix/store/5m0vhlidd3nhhzjchj9fa7zczj1vpbk3-neovim-0.9.5"
        },
        "x86_64-darwin": {
          "outputs": [
            {
              "name": "out",
              "path": "/nix/store/l1p2x3hi7j3s6h4i28nzhqk087piiin9-neovim-0.9.5",
              "default": true
            }
          ],
          "store_path": "/nix/store/l1p2x3hi7j3s6h4i28nzhqk087piiin9-neovim-0.9.5"
        },
        "x86_64-linux": {
          "outputs": [
            {
              "name": "out",
              "path": "/nix/store/dr53sp25hyfsnzjpm8mh3r3y36vrw3ng-neovim-0.9.5",
              "default": true
            }
          ],
          "store_path": "/nix/store/dr53sp25hyfsnzjpm8mh3r3y36vrw3ng-neovim-0.9.5"
        }
      }
    },
    "nodejs@latest": {
      "last_modified": "2024-04-25T03:38:28-04:00",
      "plugin_version": "0.0.2",
      "resolved": "github:NixOS/nixpkgs/b0d52b31f7f4d80f8bf38f0253652125579c35ff#nodejs_22",
      "source": "devbox-search",
      "version": "22.0.0",
      "systems": {
        "aarch64-darwin": {
          "outputs": [
            {
              "name": "out",
              "path": "/nix/store/972dscdvkqhr81j2w1c74vlx2y4kfyzh-nodejs-22.0.0",
              "default": true
            },
            {
              "name": "libv8",
              "path": "/nix/store/z5fns5qrp1s53kys1v0bxfz2lk407773-nodejs-22.0.0-libv8"
            }
          ],
          "store_path": "/nix/store/972dscdvkqhr81j2w1c74vlx2y4kfyzh-nodejs-22.0.0"
        },
        "aarch64-linux": {
          "outputs": [
            {
              "name": "out",
              "path": "/nix/store/6336bf8rx068rls9hw5q88bncc1baqgb-nodejs-22.0.0",
              "default": true
            },
            {
              "name": "libv8",
              "path": "/nix/store/ngvfmgm9bip87amcc522yb671a2zkpwd-nodejs-22.0.0-libv8"
            }
          ],
          "store_path": "/nix/store/6336bf8rx068rls9hw5q88bncc1baqgb-nodejs-22.0.0"
        },
        "x86_64-darwin": {
          "outputs": [
            {
              "name": "out",
              "path": "/nix/store/3776rlwv2q8fvgh6lhi44v0gxck1hkqx-nodejs-22.0.0",
              "default": true
            },
            {
              "name": "libv8",
              "path": "/nix/store/3vhll9yxmcabk6lv6yz14ixixpim5j4a-nodejs-22.0.0-libv8"
            }
          ],
          "store_path": "/nix/store/3776rlwv2q8fvgh6lhi44v0gxck1hkqx-nodejs-22.0.0"
        },
        "x86_64-linux": {
          "outputs": [
            {
              "name": "out",
              "path": "/nix/store/nx76dx71yjni4bajdn9pshxqs38lkj29-nodejs-22.0.0",
              "default": true
            },
            {
              "name": "libv8",
              "path": "/nix/store/xakj3aq9bzxyvanpy6yfqg1ghmjjnkri-nodejs-22.0.0-libv8"
            }
          ],
          "store_path": "/nix/store/nx76dx71yjni4bajdn9pshxqs38lkj29-nodejs-22.0.0"
        }
      }
    },
    "ripgrep@latest": {
      "last_modified": "2024-04-19T17:36:04-04:00",
      "resolved": "github:NixOS/nixpkgs/92d295f588631b0db2da509f381b4fb1e74173c5#ripgrep",
      "source": "devbox-search",
      "version": "14.1.0",
      "systems": {
        "aarch64-darwin": {
          "outputs": [
            {
              "name": "out",
              "path": "/nix/store/xp39mgfiz25567l6kbl4z1v24f8b6fhv-ripgrep-14.1.0",
              "default": true
            }
          ],
          "store_path": "/nix/store/xp39mgfiz25567l6kbl4z1v24f8b6fhv-ripgrep-14.1.0"
        },
        "aarch64-linux": {
          "outputs": [
            {
              "name": "out",
              "path": "/nix/store/mgnx8cbnxwvwr0d2gd6660cxfhln6b3s-ripgrep-14.1.0",
              "default": true
            }
          ],
          "store_path": "/nix/store/mgnx8cbnxwvwr0d2gd6660cxfhln6b3s-ripgrep-14.1.0"
        },
        "x86_64-darwin": {
          "outputs": [
            {
              "name": "out",
              "path": "/nix/store/1d6vicb4qbicicw8b4vqfimyg6pb8bgb-ripgrep-14.1.0",
              "default": true
            }
          ],
          "store_path": "/nix/store/1d6vicb4qbicicw8b4vqfimyg6pb8bgb-ripgrep-14.1.0"
        },
        "x86_64-linux": {
          "outputs": [
            {
              "name": "out",
              "path": "/nix/store/mnprkpiv9bilam2hfsi1n43sdydq0j21-ripgrep-14.1.0",
              "default": true
            }
          ],
          "store_path": "/nix/store/mnprkpiv9bilam2hfsi1n43sdydq0j21-ripgrep-14.1.0"
        }
      }
    },
    "starship@latest": {
      "last_modified": "2024-04-19T17:36:04-04:00",
      "resolved": "github:NixOS/nixpkgs/92d295f588631b0db2da509f381b4fb1e74173c5#starship",
      "source": "devbox-search",
      "version": "1.18.2",
      "systems": {
        "aarch64-darwin": {
          "outputs": [
            {
              "name": "out",
              "path": "/nix/store/541yxg1ws5wsfbv0cn0yc20g244394y2-starship-1.18.2",
              "default": true
            }
          ],
          "store_path": "/nix/store/541yxg1ws5wsfbv0cn0yc20g244394y2-starship-1.18.2"
        },
        "aarch64-linux": {
          "outputs": [
            {
              "name": "out",
              "path": "/nix/store/p5hxk8im5xs78igjiih3xcpc9pljah7r-starship-1.18.2",
              "default": true
            }
          ],
          "store_path": "/nix/store/p5hxk8im5xs78igjiih3xcpc9pljah7r-starship-1.18.2"
        },
        "x86_64-darwin": {
          "outputs": [
            {
              "name": "out",
              "path": "/nix/store/w8biqx472pxdhgd97hql1pcymi7yxfxy-starship-1.18.2",
              "default": true
            }
          ],
          "store_path": "/nix/store/w8biqx472pxdhgd97hql1pcymi7yxfxy-starship-1.18.2"
        },
        "x86_64-linux": {
          "outputs": [
            {
              "name": "out",
              "path": "/nix/store/kcvvk2jbqkdqvvsqmhnrznsm3azkd9yh-starship-1.18.2",
              "default": true
            }
          ],
          "store_path": "/nix/store/kcvvk2jbqkdqvvsqmhnrznsm3azkd9yh-starship-1.18.2"
        }
      }
    },
    "stow@latest": {
      "last_modified": "2024-04-19T17:36:04-04:00",
      "resolved": "github:NixOS/nixpkgs/92d295f588631b0db2da509f381b4fb1e74173c5#stow",
      "source": "devbox-search",
      "version": "2.4.0",
      "systems": {
        "aarch64-darwin": {
          "outputs": [
            {
              "name": "out",
              "path": "/nix/store/aq9nqpb4awn15m5319ivvc3l07rb28bh-stow-2.4.0",
              "default": true
            }
          ],
          "store_path": "/nix/store/aq9nqpb4awn15m5319ivvc3l07rb28bh-stow-2.4.0"
        },
        "aarch64-linux": {
          "outputs": [
            {
              "name": "out",
              "path": "/nix/store/453p154s0y8bsdyh3gqcfy92krnihd9c-stow-2.4.0",
              "default": true
            }
          ],
          "store_path": "/nix/store/453p154s0y8bsdyh3gqcfy92krnihd9c-stow-2.4.0"
        },
        "x86_64-darwin": {
          "outputs": [
            {
              "name": "out",
              "path": "/nix/store/4j5fnd1ji77p93r7p5g20vb9hxsl7h11-stow-2.4.0",
              "default": true
            }
          ],
          "store_path": "/nix/store/4j5fnd1ji77p93r7p5g20vb9hxsl7h11-stow-2.4.0"
        },
        "x86_64-linux": {
          "outputs": [
            {
              "name": "out",
              "path": "/nix/store/5pyryjvx7w52yi09bd8gy9x844rv5xg1-stow-2.4.0",
              "default": true
            }
          ],
          "store_path": "/nix/store/5pyryjvx7w52yi09bd8gy9x844rv5xg1-stow-2.4.0"
        }
      }
    },
    "tree-sitter@latest": {
      "last_modified": "2024-04-19T17:36:04-04:00",
      "resolved": "github:NixOS/nixpkgs/92d295f588631b0db2da509f381b4fb1e74173c5#tree-sitter",
      "source": "devbox-search",
      "version": "0.22.2",
      "systems": {
        "aarch64-darwin": {
          "outputs": [
            {
              "name": "out",
              "path": "/nix/store/k8b23zafq29himm9rssks1jq2yybfi81-tree-sitter-0.22.2",
              "default": true
            }
          ],
          "store_path": "/nix/store/k8b23zafq29himm9rssks1jq2yybfi81-tree-sitter-0.22.2"
        },
        "aarch64-linux": {
          "outputs": [
            {
              "name": "out",
              "path": "/nix/store/s6pyp7fwq0ir5l9jhin4c3xhj4radr7j-tree-sitter-0.22.2",
              "default": true
            }
          ],
          "store_path": "/nix/store/s6pyp7fwq0ir5l9jhin4c3xhj4radr7j-tree-sitter-0.22.2"
        },
        "x86_64-darwin": {
          "outputs": [
            {
              "name": "out",
              "path": "/nix/store/9w9v5bs65mqr4cd0kaiglplzbl9dgsdy-tree-sitter-0.22.2",
              "default": true
            }
          ],
          "store_path": "/nix/store/9w9v5bs65mqr4cd0kaiglplzbl9dgsdy-tree-sitter-0.22.2"
        },
        "x86_64-linux": {
          "outputs": [
            {
              "name": "out",
              "path": "/nix/store/1r6i6rhbv31qsj1vj0hj00dw0sc0ajdx-tree-sitter-0.22.2",
              "default": true
            }
          ],
          "store_path": "/nix/store/1r6i6rhbv31qsj1vj0hj00dw0sc0ajdx-tree-sitter-0.22.2"
        }
      }
    },
    "yazi@latest": {
      "last_modified": "2024-04-24T10:24:25-04:00",
      "resolved": "github:NixOS/nixpkgs/a0cadba85e907b8e2d6ae549d25535da3b1b6d5e#yazi",
      "source": "devbox-search",
      "version": "0.2.5",
      "systems": {
        "aarch64-darwin": {
          "outputs": [
            {
              "name": "out",
              "path": "/nix/store/k68ms81kjcq0cbchi48h4pry7508gl9c-yazi-0.2.5",
              "default": true
            }
          ],
          "store_path": "/nix/store/k68ms81kjcq0cbchi48h4pry7508gl9c-yazi-0.2.5"
        },
        "aarch64-linux": {
          "outputs": [
            {
              "name": "out",
              "path": "/nix/store/1bvlzsriaqvqdxlh53pnhdjf5hrybwsg-yazi-0.2.5",
              "default": true
            }
          ],
          "store_path": "/nix/store/1bvlzsriaqvqdxlh53pnhdjf5hrybwsg-yazi-0.2.5"
        },
        "x86_64-darwin": {
          "outputs": [
            {
              "name": "out",
              "path": "/nix/store/ar3f3jsmam51dpj9wlgsc1i5kkhiqm35-yazi-0.2.5",
              "default": true
            }
          ],
          "store_path": "/nix/store/ar3f3jsmam51dpj9wlgsc1i5kkhiqm35-yazi-0.2.5"
        },
        "x86_64-linux": {
          "outputs": [
            {
              "name": "out",
              "path": "/nix/store/nxvxlp0cwjjasbgrg60kiikncdr29vab-yazi-0.2.5",
              "default": true
            }
          ],
          "store_path": "/nix/store/nxvxlp0cwjjasbgrg60kiikncdr29vab-yazi-0.2.5"
        }
      }
    },
    "yq@latest": {
      "last_modified": "2024-04-19T17:36:04-04:00",
      "resolved": "github:NixOS/nixpkgs/92d295f588631b0db2da509f381b4fb1e74173c5#yq",
      "source": "devbox-search",
      "version": "3.4.1",
      "systems": {
        "aarch64-darwin": {
          "outputs": [
            {
              "name": "out",
              "path": "/nix/store/l9ll6kz8a8jnszwkz93na4mnn10bagbk-python3.11-yq-3.4.1",
              "default": true
            },
            {
              "name": "dist",
              "path": "/nix/store/4b199dgzjskcmcj92s5a66cc6s1dasrm-python3.11-yq-3.4.1-dist"
            }
          ],
          "store_path": "/nix/store/l9ll6kz8a8jnszwkz93na4mnn10bagbk-python3.11-yq-3.4.1"
        },
        "aarch64-linux": {
          "outputs": [
            {
              "name": "out",
              "path": "/nix/store/lrws1dpc53pl4r2ryxj2plzfhg9zg7xq-python3.11-yq-3.4.1",
              "default": true
            },
            {
              "name": "dist",
              "path": "/nix/store/liclk68jamrhjrmlx3rksx5qlhlj8hv7-python3.11-yq-3.4.1-dist"
            }
          ],
          "store_path": "/nix/store/lrws1dpc53pl4r2ryxj2plzfhg9zg7xq-python3.11-yq-3.4.1"
        },
        "x86_64-darwin": {
          "outputs": [
            {
              "name": "out",
              "path": "/nix/store/glhvym0yid4wrmc7ww7y6w1kglf154rw-python3.11-yq-3.4.1",
              "default": true
            },
            {
              "name": "dist",
              "path": "/nix/store/jr39kjsd44v5agwhw9xsifxc42swdlnr-python3.11-yq-3.4.1-dist"
            }
          ],
          "store_path": "/nix/store/glhvym0yid4wrmc7ww7y6w1kglf154rw-python3.11-yq-3.4.1"
        },
        "x86_64-linux": {
          "outputs": [
            {
              "name": "out",
              "path": "/nix/store/9ic6r325lik02jadw8qsynqah5h96b9y-python3.11-yq-3.4.1",
              "default": true
            },
            {
              "name": "dist",
              "path": "/nix/store/9ki2dnhwl6bbzi9z1aqzpb590lpz85p5-python3.11-yq-3.4.1-dist"
            }
          ],
          "store_path": "/nix/store/9ic6r325lik02jadw8qsynqah5h96b9y-python3.11-yq-3.4.1"
        }
      }
    },
    "zoxide@latest": {
      "last_modified": "2024-04-19T17:36:04-04:00",
      "resolved": "github:NixOS/nixpkgs/92d295f588631b0db2da509f381b4fb1e74173c5#zoxide",
      "source": "devbox-search",
      "version": "0.9.4",
      "systems": {
        "aarch64-darwin": {
          "outputs": [
            {
              "name": "out",
              "path": "/nix/store/acy22qly0mq6322sr8r2kmm6vajnd0f6-zoxide-0.9.4",
              "default": true
            }
          ],
          "store_path": "/nix/store/acy22qly0mq6322sr8r2kmm6vajnd0f6-zoxide-0.9.4"
        },
        "aarch64-linux": {
          "outputs": [
            {
              "name": "out",
              "path": "/nix/store/420ahhf21x44b1ls1yjw9sjz0dk0hdfk-zoxide-0.9.4",
              "default": true
            }
          ],
          "store_path": "/nix/store/420ahhf21x44b1ls1yjw9sjz0dk0hdfk-zoxide-0.9.4"
        },
        "x86_64-darwin": {
          "outputs": [
            {
              "name": "out",
              "path": "/nix/store/vh1giqy3x47v4m8nzlvlgmj9yg5837cc-zoxide-0.9.4",
              "default": true
            }
          ],
          "store_path": "/nix/store/vh1giqy3x47v4m8nzlvlgmj9yg5837cc-zoxide-0.9.4"
        },
        "x86_64-linux": {
          "outputs": [
            {
              "name": "out",
              "path": "/nix/store/p6bp3x0f2m28yxq6w9n9h7fcadyqcmjj-zoxide-0.9.4",
              "default": true
            }
          ],
          "store_path": "/nix/store/p6bp3x0f2m28yxq6w9n9h7fcadyqcmjj-zoxide-0.9.4"
        }
      }
    }
  }
}
